// !$*UTF8*$!
{
	archiveVersion = 1;
	classes = {
	};
	objectVersion = 46;
	objects = {

/* Begin PBXBuildFile section */
		6B07B55018AF97EE00ACB97D /* AppDelegate.m in Sources */ = {isa = PBXBuildFile; fileRef = 6B07B53718AF97EE00ACB97D /* AppDelegate.m */; };
		6B07B55118AF97EE00ACB97D /* DMAppDelegate.m in Sources */ = {isa = PBXBuildFile; fileRef = 6B07B53918AF97EE00ACB97D /* DMAppDelegate.m */; };
		6B07B55218AF97EF00ACB97D /* FirstViewController.m in Sources */ = {isa = PBXBuildFile; fileRef = 6B07B53C18AF97EE00ACB97D /* FirstViewController.m */; };
		6B07B55318AF97EF00ACB97D /* MainMenuViewController.m in Sources */ = {isa = PBXBuildFile; fileRef = 6B07B53E18AF97EE00ACB97D /* MainMenuViewController.m */; };
		6B07B55418AF97EF00ACB97D /* MainMenuViewController.xib in Resources */ = {isa = PBXBuildFile; fileRef = 6B07B53F18AF97EE00ACB97D /* MainMenuViewController.xib */; };
		6B07B55518AF97EF00ACB97D /* OfferManageViewController.m in Sources */ = {isa = PBXBuildFile; fileRef = 6B07B54118AF97EE00ACB97D /* OfferManageViewController.m */; };
		6B07B55618AF97EF00ACB97D /* OfferManageViewController.xib in Resources */ = {isa = PBXBuildFile; fileRef = 6B07B54218AF97EE00ACB97D /* OfferManageViewController.xib */; };
		6B07B55718AF97EF00ACB97D /* OnlineWallViewController.m in Sources */ = {isa = PBXBuildFile; fileRef = 6B07B54418AF97EE00ACB97D /* OnlineWallViewController.m */; };
		6B07B55818AF97EF00ACB97D /* OnlineWallViewController.xib in Resources */ = {isa = PBXBuildFile; fileRef = 6B07B54518AF97EE00ACB97D /* OnlineWallViewController.xib */; };
		6B07B55918AF97EF00ACB97D /* OWInterstitialViewController.m in Sources */ = {isa = PBXBuildFile; fileRef = 6B07B54718AF97EE00ACB97D /* OWInterstitialViewController.m */; };
		6B07B55A18AF97EF00ACB97D /* OWInterstitialViewController.xib in Resources */ = {isa = PBXBuildFile; fileRef = 6B07B54818AF97EE00ACB97D /* OWInterstitialViewController.xib */; };
		6B07B55B18AF97EF00ACB97D /* SecondViewController.m in Sources */ = {isa = PBXBuildFile; fileRef = 6B07B54A18AF97EE00ACB97D /* SecondViewController.m */; };
		6B07B55C18AF97EF00ACB97D /* Toast+UIView.m in Sources */ = {isa = PBXBuildFile; fileRef = 6B07B54C18AF97EE00ACB97D /* Toast+UIView.m */; };
		6B07B55D18AF97EF00ACB97D /* VideoOfferWallViewController.m in Sources */ = {isa = PBXBuildFile; fileRef = 6B07B54E18AF97EE00ACB97D /* VideoOfferWallViewController.m */; };
		6B07B55E18AF97EF00ACB97D /* VideoOfferWallViewController.xib in Resources */ = {isa = PBXBuildFile; fileRef = 6B07B54F18AF97EE00ACB97D /* VideoOfferWallViewController.xib */; };
		6B07B5AE18AF980600ACB97D /* CDVBattery.m in Sources */ = {isa = PBXBuildFile; fileRef = 6B07B56218AF980600ACB97D /* CDVBattery.m */; };
		6B07B5AF18AF980600ACB97D /* CDVCamera.m in Sources */ = {isa = PBXBuildFile; fileRef = 6B07B56518AF980600ACB97D /* CDVCamera.m */; };
		6B07B5B018AF980600ACB97D /* CDVJpegHeaderWriter.m in Sources */ = {isa = PBXBuildFile; fileRef = 6B07B56818AF980600ACB97D /* CDVJpegHeaderWriter.m */; };
		6B07B5B118AF980600ACB97D /* CDVContact.m in Sources */ = {isa = PBXBuildFile; fileRef = 6B07B56B18AF980600ACB97D /* CDVContact.m */; };
		6B07B5B218AF980600ACB97D /* CDVContacts.m in Sources */ = {isa = PBXBuildFile; fileRef = 6B07B56D18AF980600ACB97D /* CDVContacts.m */; };
		6B07B5B318AF980600ACB97D /* CDVDevice.m in Sources */ = {isa = PBXBuildFile; fileRef = 6B07B57018AF980600ACB97D /* CDVDevice.m */; };
		6B07B5B418AF980600ACB97D /* CDVAccelerometer.m in Sources */ = {isa = PBXBuildFile; fileRef = 6B07B57318AF980600ACB97D /* CDVAccelerometer.m */; };
		6B07B5B518AF980600ACB97D /* CDVCompass.m in Sources */ = {isa = PBXBuildFile; fileRef = 6B07B57618AF980600ACB97D /* CDVCompass.m */; };
		6B07B5B618AF980600ACB97D /* CDVNotification.m in Sources */ = {isa = PBXBuildFile; fileRef = 6B07B57918AF980600ACB97D /* CDVNotification.m */; };
		6B07B5B718AF980600ACB97D /* CDVAssetLibraryFilesystem.m in Sources */ = {isa = PBXBuildFile; fileRef = 6B07B57C18AF980600ACB97D /* CDVAssetLibraryFilesystem.m */; };
		6B07B5B818AF980600ACB97D /* CDVFile.m in Sources */ = {isa = PBXBuildFile; fileRef = 6B07B57E18AF980600ACB97D /* CDVFile.m */; };
		6B07B5B918AF980600ACB97D /* CDVLocalFilesystem.m in Sources */ = {isa = PBXBuildFile; fileRef = 6B07B58018AF980600ACB97D /* CDVLocalFilesystem.m */; };
		6B07B5BA18AF980600ACB97D /* CDVFileTransfer.m in Sources */ = {isa = PBXBuildFile; fileRef = 6B07B58318AF980600ACB97D /* CDVFileTransfer.m */; };
		6B07B5BB18AF980600ACB97D /* CDVLocation.m in Sources */ = {isa = PBXBuildFile; fileRef = 6B07B58618AF980600ACB97D /* CDVLocation.m */; };
		6B07B5BC18AF980600ACB97D /* CDVGlobalization.m in Sources */ = {isa = PBXBuildFile; fileRef = 6B07B58918AF980600ACB97D /* CDVGlobalization.m */; };
		6B07B5BD18AF980600ACB97D /* CDVSound.m in Sources */ = {isa = PBXBuildFile; fileRef = 6B07B58C18AF980600ACB97D /* CDVSound.m */; };
		6B07B5BE18AF980600ACB97D /* CDVConnection.m in Sources */ = {isa = PBXBuildFile; fileRef = 6B07B58F18AF980600ACB97D /* CDVConnection.m */; };
		6B07B5BF18AF980600ACB97D /* CDVReachability.m in Sources */ = {isa = PBXBuildFile; fileRef = 6B07B59118AF980600ACB97D /* CDVReachability.m */; };
		6B07B5C018AF980600ACB97D /* CDVSplashScreen.m in Sources */ = {isa = PBXBuildFile; fileRef = 6B07B59418AF980600ACB97D /* CDVSplashScreen.m */; };
		6B07B5C118AF980600ACB97D /* CDVVibration.m in Sources */ = {isa = PBXBuildFile; fileRef = 6B07B59718AF980600ACB97D /* CDVVibration.m */; };
		6B07B5C218AF980600ACB97D /* README in Resources */ = {isa = PBXBuildFile; fileRef = 6B07B59818AF980600ACB97D /* README */; };
		6B07B5C318AF980600ACB97D /* CDVNotification.bundle in Resources */ = {isa = PBXBuildFile; fileRef = 6B07B59A18AF980600ACB97D /* CDVNotification.bundle */; };
		6B07B5C418AF980600ACB97D /* Localizable.strings in Resources */ = {isa = PBXBuildFile; fileRef = 6B07B59B18AF980600ACB97D /* Localizable.strings */; };
		6B07B5C518AF980600ACB97D /* icon-72.png in Resources */ = {isa = PBXBuildFile; fileRef = 6B07B5A018AF980600ACB97D /* icon-72.png */; };
		6B07B5C618AF980600ACB97D /* icon-72@2x.png in Resources */ = {isa = PBXBuildFile; fileRef = 6B07B5A118AF980600ACB97D /* icon-72@2x.png */; };
		6B07B5C718AF980600ACB97D /* icon.png in Resources */ = {isa = PBXBuildFile; fileRef = 6B07B5A218AF980600ACB97D /* icon.png */; };
		6B07B5C818AF980600ACB97D /* icon@2x.png in Resources */ = {isa = PBXBuildFile; fileRef = 6B07B5A318AF980600ACB97D /* icon@2x.png */; };
		6B07B5C918AF980600ACB97D /* Images.xcassets in Resources */ = {isa = PBXBuildFile; fileRef = 6B07B5A418AF980600ACB97D /* Images.xcassets */; };
		6B07B5CA18AF980600ACB97D /* Default-568h@2x~iphone.png in Resources */ = {isa = PBXBuildFile; fileRef = 6B07B5A718AF980600ACB97D /* Default-568h@2x~iphone.png */; };
		6B07B5CB18AF980600ACB97D /* Default-Landscape@2x~ipad.png in Resources */ = {isa = PBXBuildFile; fileRef = 6B07B5A818AF980600ACB97D /* Default-Landscape@2x~ipad.png */; };
		6B07B5CC18AF980600ACB97D /* Default-Landscape~ipad.png in Resources */ = {isa = PBXBuildFile; fileRef = 6B07B5A918AF980600ACB97D /* Default-Landscape~ipad.png */; };
		6B07B5CD18AF980600ACB97D /* Default-Portrait@2x~ipad.png in Resources */ = {isa = PBXBuildFile; fileRef = 6B07B5AA18AF980600ACB97D /* Default-Portrait@2x~ipad.png */; };
		6B07B5CE18AF980600ACB97D /* Default-Portrait~ipad.png in Resources */ = {isa = PBXBuildFile; fileRef = 6B07B5AB18AF980600ACB97D /* Default-Portrait~ipad.png */; };
		6B07B5CF18AF980600ACB97D /* Default@2x~iphone.png in Resources */ = {isa = PBXBuildFile; fileRef = 6B07B5AC18AF980600ACB97D /* Default@2x~iphone.png */; };
		6B07B5D018AF980600ACB97D /* Default~iphone.png in Resources */ = {isa = PBXBuildFile; fileRef = 6B07B5AD18AF980600ACB97D /* Default~iphone.png */; };
		6B07B5E518AF986800ACB97D /* Countly.m in Sources */ = {isa = PBXBuildFile; fileRef = 6B07B5D318AF986800ACB97D /* Countly.m */; };
		6B07B5E618AF986800ACB97D /* Countly.xcdatamodeld in Sources */ = {isa = PBXBuildFile; fileRef = 6B07B5D418AF986800ACB97D /* Countly.xcdatamodeld */; };
		6B07B5E718AF986800ACB97D /* Countly_OpenUDID.m in Sources */ = {isa = PBXBuildFile; fileRef = 6B07B5D718AF986800ACB97D /* Countly_OpenUDID.m */; };
		6B07B5E818AF986800ACB97D /* CountlyDB.m in Sources */ = {isa = PBXBuildFile; fileRef = 6B07B5D918AF986800ACB97D /* CountlyDB.m */; };
		6B07B5E918AF986800ACB97D /* LICENSE in Resources */ = {isa = PBXBuildFile; fileRef = 6B07B5DA18AF986800ACB97D /* LICENSE */; };
		6B07B5EA18AF986800ACB97D /* README.md in Resources */ = {isa = PBXBuildFile; fileRef = 6B07B5DB18AF986800ACB97D /* README.md */; };
		6B07B5EB18AF986800ACB97D /* DomobOfferWallBundle.bundle in Resources */ = {isa = PBXBuildFile; fileRef = 6B07B5E218AF986800ACB97D /* DomobOfferWallBundle.bundle */; };
		6B07B60118AF993000ACB97D /* libCordova.a in Frameworks */ = {isa = PBXBuildFile; fileRef = 6B07B5F318AF988400ACB97D /* libCordova.a */; };
		6B07B61E18AFBC0E00ACB97D /* libUMSAgent.a in Frameworks */ = {isa = PBXBuildFile; fileRef = 6B07B61918AFB70000ACB97D /* libUMSAgent.a */; };
		6B07B61F18AFBC2B00ACB97D /* libDomobOfferWallSDK.a in Frameworks */ = {isa = PBXBuildFile; fileRef = 6B07B5E318AF986800ACB97D /* libDomobOfferWallSDK.a */; };
		6B1A386918AE809700A8C65E /* CoreMotion.framework in Frameworks */ = {isa = PBXBuildFile; fileRef = 6B1A386818AE809700A8C65E /* CoreMotion.framework */; };
		6B1A386B18AE80AF00A8C65E /* CFNetwork.framework in Frameworks */ = {isa = PBXBuildFile; fileRef = 6B1A386A18AE80AF00A8C65E /* CFNetwork.framework */; };
		6B1A386D18AE80E200A8C65E /* OpenAL.framework in Frameworks */ = {isa = PBXBuildFile; fileRef = 6B1A386C18AE80E200A8C65E /* OpenAL.framework */; };
		6B1A387118AE812E00A8C65E /* MediaPlayer.framework in Frameworks */ = {isa = PBXBuildFile; fileRef = 6B1A387018AE812E00A8C65E /* MediaPlayer.framework */; };
		6B8903A218B0DE02009BFB0F /* CDVLogger.m in Sources */ = {isa = PBXBuildFile; fileRef = 6B8903A118B0DE02009BFB0F /* CDVLogger.m */; };
		6BAC94A618AE721000DC4A4D /* www in Resources */ = {isa = PBXBuildFile; fileRef = 6BAC94A518AE721000DC4A4D /* www */; };
		6BB23D9018ABCD1A00F87704 /* Foundation.framework in Frameworks */ = {isa = PBXBuildFile; fileRef = 6BB23D8F18ABCD1A00F87704 /* Foundation.framework */; };
		6BB23D9218ABCD1A00F87704 /* CoreGraphics.framework in Frameworks */ = {isa = PBXBuildFile; fileRef = 6BB23D9118ABCD1A00F87704 /* CoreGraphics.framework */; };
		6BB23D9418ABCD1A00F87704 /* UIKit.framework in Frameworks */ = {isa = PBXBuildFile; fileRef = 6BB23D9318ABCD1A00F87704 /* UIKit.framework */; };
		6BB23D9C18ABCD1A00F87704 /* main.m in Sources */ = {isa = PBXBuildFile; fileRef = 6BB23D9B18ABCD1A00F87704 /* main.m */; };
		6BB23DB518ABCD1A00F87704 /* XCTest.framework in Frameworks */ = {isa = PBXBuildFile; fileRef = 6BB23DB418ABCD1A00F87704 /* XCTest.framework */; };
		6BB23DB618ABCD1A00F87704 /* Foundation.framework in Frameworks */ = {isa = PBXBuildFile; fileRef = 6BB23D8F18ABCD1A00F87704 /* Foundation.framework */; };
		6BB23DB718ABCD1A00F87704 /* UIKit.framework in Frameworks */ = {isa = PBXBuildFile; fileRef = 6BB23D9318ABCD1A00F87704 /* UIKit.framework */; };
		6BB23DBF18ABCD1A00F87704 /* InfoPlist.strings in Resources */ = {isa = PBXBuildFile; fileRef = 6BB23DBD18ABCD1A00F87704 /* InfoPlist.strings */; };
		6BB23DC118ABCD1A00F87704 /* iCommerceTests.m in Sources */ = {isa = PBXBuildFile; fileRef = 6BB23DC018ABCD1A00F87704 /* iCommerceTests.m */; };
		6BB23E1A18ABD17000F87704 /* config.xml in Resources */ = {isa = PBXBuildFile; fileRef = 6BB23E1918ABD17000F87704 /* config.xml */; };
		6BB23E2F18ABD1C300F87704 /* CoreData.framework in Frameworks */ = {isa = PBXBuildFile; fileRef = 6BB23E1B18ABD1C300F87704 /* CoreData.framework */; };
		6BB23E3018ABD1C300F87704 /* CoreTelephony.framework in Frameworks */ = {isa = PBXBuildFile; fileRef = 6BB23E1C18ABD1C300F87704 /* CoreTelephony.framework */; };
		6BB23E3118ABD1C300F87704 /* AdSupport.framework in Frameworks */ = {isa = PBXBuildFile; fileRef = 6BB23E1D18ABD1C300F87704 /* AdSupport.framework */; };
		6BB23E3218ABD1C300F87704 /* Foundation.framework in Frameworks */ = {isa = PBXBuildFile; fileRef = 6BB23E1E18ABD1C300F87704 /* Foundation.framework */; };
		6BB23E3418ABD1C300F87704 /* QuartzCore.framework in Frameworks */ = {isa = PBXBuildFile; fileRef = 6BB23E2018ABD1C300F87704 /* QuartzCore.framework */; };
		6BB23E3518ABD1C400F87704 /* Security.framework in Frameworks */ = {isa = PBXBuildFile; fileRef = 6BB23E2118ABD1C300F87704 /* Security.framework */; };
		6BB23E3618ABD1C400F87704 /* libsqlite3.dylib in Frameworks */ = {isa = PBXBuildFile; fileRef = 6BB23E2218ABD1C300F87704 /* libsqlite3.dylib */; };
		6BB23E3718ABD1C400F87704 /* CoreMedia.framework in Frameworks */ = {isa = PBXBuildFile; fileRef = 6BB23E2318ABD1C300F87704 /* CoreMedia.framework */; };
		6BB23E3818ABD1C400F87704 /* ImageIO.framework in Frameworks */ = {isa = PBXBuildFile; fileRef = 6BB23E2418ABD1C300F87704 /* ImageIO.framework */; };
		6BB23E3918ABD1C400F87704 /* AddressBook.framework in Frameworks */ = {isa = PBXBuildFile; fileRef = 6BB23E2518ABD1C300F87704 /* AddressBook.framework */; };
		6BB23E3A18ABD1C400F87704 /* AssetsLibrary.framework in Frameworks */ = {isa = PBXBuildFile; fileRef = 6BB23E2618ABD1C300F87704 /* AssetsLibrary.framework */; };
		6BB23E3B18ABD1C400F87704 /* CoreMedia.framework in Frameworks */ = {isa = PBXBuildFile; fileRef = 6BB23E2718ABD1C300F87704 /* CoreMedia.framework */; };
		6BB23E3D18ABD1C400F87704 /* AVFoundation.framework in Frameworks */ = {isa = PBXBuildFile; fileRef = 6BB23E2918ABD1C300F87704 /* AVFoundation.framework */; };
		6BB23E3E18ABD1C400F87704 /* CoreLocation.framework in Frameworks */ = {isa = PBXBuildFile; fileRef = 6BB23E2A18ABD1C300F87704 /* CoreLocation.framework */; };
		6BB23E3F18ABD1C400F87704 /* MobileCoreServices.framework in Frameworks */ = {isa = PBXBuildFile; fileRef = 6BB23E2B18ABD1C300F87704 /* MobileCoreServices.framework */; };
		6BB23E4018ABD1C400F87704 /* SystemConfiguration.framework in Frameworks */ = {isa = PBXBuildFile; fileRef = 6BB23E2C18ABD1C300F87704 /* SystemConfiguration.framework */; };
		6BB23E4118ABD1C400F87704 /* AddressBookUI.framework in Frameworks */ = {isa = PBXBuildFile; fileRef = 6BB23E2D18ABD1C300F87704 /* AddressBookUI.framework */; };
		6BB23E4218ABD1C400F87704 /* CoreGraphics.framework in Frameworks */ = {isa = PBXBuildFile; fileRef = 6BB23E2E18ABD1C300F87704 /* CoreGraphics.framework */; };
		6BB5875518B3CE1100593688 /* StoreKit.framework in Frameworks */ = {isa = PBXBuildFile; fileRef = 6BB5875418B3CE1100593688 /* StoreKit.framework */; };
		6BB5875718B3CE8100593688 /* AudioToolbox.framework in Frameworks */ = {isa = PBXBuildFile; fileRef = 6BB5875618B3CE8100593688 /* AudioToolbox.framework */; };
/* End PBXBuildFile section */

/* Begin PBXContainerItemProxy section */
		6B07B5F218AF988400ACB97D /* PBXContainerItemProxy */ = {
			isa = PBXContainerItemProxy;
			containerPortal = 6B07B5EE18AF988300ACB97D /* CordovaLib.xcodeproj */;
			proxyType = 2;
			remoteGlobalIDString = 68A32D7114102E1C006B237C;
			remoteInfo = CordovaLib;
		};
		6B07B5FF18AF98FE00ACB97D /* PBXContainerItemProxy */ = {
			isa = PBXContainerItemProxy;
			containerPortal = 6B07B5EE18AF988300ACB97D /* CordovaLib.xcodeproj */;
			proxyType = 1;
			remoteGlobalIDString = D2AAC07D0554694100DB518D;
			remoteInfo = CordovaLib;
		};
		6BB23DB818ABCD1A00F87704 /* PBXContainerItemProxy */ = {
			isa = PBXContainerItemProxy;
			containerPortal = 6BB23D8418ABCD1900F87704 /* Project object */;
			proxyType = 1;
			remoteGlobalIDString = 6BB23D8B18ABCD1A00F87704;
			remoteInfo = iCommerce;
		};
/* End PBXContainerItemProxy section */

/* Begin PBXFileReference section */
		6B07B53618AF97EE00ACB97D /* AppDelegate.h */ = {isa = PBXFileReference; fileEncoding = 4; lastKnownFileType = sourcecode.c.h; path = AppDelegate.h; sourceTree = "<group>"; };
		6B07B53718AF97EE00ACB97D /* AppDelegate.m */ = {isa = PBXFileReference; fileEncoding = 4; lastKnownFileType = sourcecode.c.objc; path = AppDelegate.m; sourceTree = "<group>"; };
		6B07B53818AF97EE00ACB97D /* DMAppDelegate.h */ = {isa = PBXFileReference; fileEncoding = 4; lastKnownFileType = sourcecode.c.h; path = DMAppDelegate.h; sourceTree = "<group>"; };
		6B07B53918AF97EE00ACB97D /* DMAppDelegate.m */ = {isa = PBXFileReference; fileEncoding = 4; lastKnownFileType = sourcecode.c.objc; path = DMAppDelegate.m; sourceTree = "<group>"; };
		6B07B53A18AF97EE00ACB97D /* DMDemoConstants.h */ = {isa = PBXFileReference; fileEncoding = 4; lastKnownFileType = sourcecode.c.h; path = DMDemoConstants.h; sourceTree = "<group>"; };
		6B07B53B18AF97EE00ACB97D /* FirstViewController.h */ = {isa = PBXFileReference; fileEncoding = 4; lastKnownFileType = sourcecode.c.h; path = FirstViewController.h; sourceTree = "<group>"; };
		6B07B53C18AF97EE00ACB97D /* FirstViewController.m */ = {isa = PBXFileReference; fileEncoding = 4; lastKnownFileType = sourcecode.c.objc; path = FirstViewController.m; sourceTree = "<group>"; };
		6B07B53D18AF97EE00ACB97D /* MainMenuViewController.h */ = {isa = PBXFileReference; fileEncoding = 4; lastKnownFileType = sourcecode.c.h; path = MainMenuViewController.h; sourceTree = "<group>"; };
		6B07B53E18AF97EE00ACB97D /* MainMenuViewController.m */ = {isa = PBXFileReference; fileEncoding = 4; lastKnownFileType = sourcecode.c.objc; path = MainMenuViewController.m; sourceTree = "<group>"; };
		6B07B53F18AF97EE00ACB97D /* MainMenuViewController.xib */ = {isa = PBXFileReference; fileEncoding = 4; lastKnownFileType = file.xib; path = MainMenuViewController.xib; sourceTree = "<group>"; };
		6B07B54018AF97EE00ACB97D /* OfferManageViewController.h */ = {isa = PBXFileReference; fileEncoding = 4; lastKnownFileType = sourcecode.c.h; path = OfferManageViewController.h; sourceTree = "<group>"; };
		6B07B54118AF97EE00ACB97D /* OfferManageViewController.m */ = {isa = PBXFileReference; fileEncoding = 4; lastKnownFileType = sourcecode.c.objc; path = OfferManageViewController.m; sourceTree = "<group>"; };
		6B07B54218AF97EE00ACB97D /* OfferManageViewController.xib */ = {isa = PBXFileReference; fileEncoding = 4; lastKnownFileType = file.xib; path = OfferManageViewController.xib; sourceTree = "<group>"; };
		6B07B54318AF97EE00ACB97D /* OnlineWallViewController.h */ = {isa = PBXFileReference; fileEncoding = 4; lastKnownFileType = sourcecode.c.h; path = OnlineWallViewController.h; sourceTree = "<group>"; };
		6B07B54418AF97EE00ACB97D /* OnlineWallViewController.m */ = {isa = PBXFileReference; fileEncoding = 4; lastKnownFileType = sourcecode.c.objc; path = OnlineWallViewController.m; sourceTree = "<group>"; };
		6B07B54518AF97EE00ACB97D /* OnlineWallViewController.xib */ = {isa = PBXFileReference; fileEncoding = 4; lastKnownFileType = file.xib; path = OnlineWallViewController.xib; sourceTree = "<group>"; };
		6B07B54618AF97EE00ACB97D /* OWInterstitialViewController.h */ = {isa = PBXFileReference; fileEncoding = 4; lastKnownFileType = sourcecode.c.h; path = OWInterstitialViewController.h; sourceTree = "<group>"; };
		6B07B54718AF97EE00ACB97D /* OWInterstitialViewController.m */ = {isa = PBXFileReference; fileEncoding = 4; lastKnownFileType = sourcecode.c.objc; path = OWInterstitialViewController.m; sourceTree = "<group>"; };
		6B07B54818AF97EE00ACB97D /* OWInterstitialViewController.xib */ = {isa = PBXFileReference; fileEncoding = 4; lastKnownFileType = file.xib; path = OWInterstitialViewController.xib; sourceTree = "<group>"; };
		6B07B54918AF97EE00ACB97D /* SecondViewController.h */ = {isa = PBXFileReference; fileEncoding = 4; lastKnownFileType = sourcecode.c.h; path = SecondViewController.h; sourceTree = "<group>"; };
		6B07B54A18AF97EE00ACB97D /* SecondViewController.m */ = {isa = PBXFileReference; fileEncoding = 4; lastKnownFileType = sourcecode.c.objc; path = SecondViewController.m; sourceTree = "<group>"; };
		6B07B54B18AF97EE00ACB97D /* Toast+UIView.h */ = {isa = PBXFileReference; fileEncoding = 4; lastKnownFileType = sourcecode.c.h; path = "Toast+UIView.h"; sourceTree = "<group>"; };
		6B07B54C18AF97EE00ACB97D /* Toast+UIView.m */ = {isa = PBXFileReference; fileEncoding = 4; lastKnownFileType = sourcecode.c.objc; path = "Toast+UIView.m"; sourceTree = "<group>"; };
		6B07B54D18AF97EE00ACB97D /* VideoOfferWallViewController.h */ = {isa = PBXFileReference; fileEncoding = 4; lastKnownFileType = sourcecode.c.h; path = VideoOfferWallViewController.h; sourceTree = "<group>"; };
		6B07B54E18AF97EE00ACB97D /* VideoOfferWallViewController.m */ = {isa = PBXFileReference; fileEncoding = 4; lastKnownFileType = sourcecode.c.objc; path = VideoOfferWallViewController.m; sourceTree = "<group>"; };
		6B07B54F18AF97EE00ACB97D /* VideoOfferWallViewController.xib */ = {isa = PBXFileReference; fileEncoding = 4; lastKnownFileType = file.xib; path = VideoOfferWallViewController.xib; sourceTree = "<group>"; };
		6B07B56118AF980600ACB97D /* CDVBattery.h */ = {isa = PBXFileReference; fileEncoding = 4; lastKnownFileType = sourcecode.c.h; path = CDVBattery.h; sourceTree = "<group>"; };
		6B07B56218AF980600ACB97D /* CDVBattery.m */ = {isa = PBXFileReference; fileEncoding = 4; lastKnownFileType = sourcecode.c.objc; path = CDVBattery.m; sourceTree = "<group>"; };
		6B07B56418AF980600ACB97D /* CDVCamera.h */ = {isa = PBXFileReference; fileEncoding = 4; lastKnownFileType = sourcecode.c.h; path = CDVCamera.h; sourceTree = "<group>"; };
		6B07B56518AF980600ACB97D /* CDVCamera.m */ = {isa = PBXFileReference; fileEncoding = 4; lastKnownFileType = sourcecode.c.objc; path = CDVCamera.m; sourceTree = "<group>"; };
		6B07B56618AF980600ACB97D /* CDVExif.h */ = {isa = PBXFileReference; fileEncoding = 4; lastKnownFileType = sourcecode.c.h; path = CDVExif.h; sourceTree = "<group>"; };
		6B07B56718AF980600ACB97D /* CDVJpegHeaderWriter.h */ = {isa = PBXFileReference; fileEncoding = 4; lastKnownFileType = sourcecode.c.h; path = CDVJpegHeaderWriter.h; sourceTree = "<group>"; };
		6B07B56818AF980600ACB97D /* CDVJpegHeaderWriter.m */ = {isa = PBXFileReference; fileEncoding = 4; lastKnownFileType = sourcecode.c.objc; path = CDVJpegHeaderWriter.m; sourceTree = "<group>"; };
		6B07B56A18AF980600ACB97D /* CDVContact.h */ = {isa = PBXFileReference; fileEncoding = 4; lastKnownFileType = sourcecode.c.h; path = CDVContact.h; sourceTree = "<group>"; };
		6B07B56B18AF980600ACB97D /* CDVContact.m */ = {isa = PBXFileReference; fileEncoding = 4; lastKnownFileType = sourcecode.c.objc; path = CDVContact.m; sourceTree = "<group>"; };
		6B07B56C18AF980600ACB97D /* CDVContacts.h */ = {isa = PBXFileReference; fileEncoding = 4; lastKnownFileType = sourcecode.c.h; path = CDVContacts.h; sourceTree = "<group>"; };
		6B07B56D18AF980600ACB97D /* CDVContacts.m */ = {isa = PBXFileReference; fileEncoding = 4; lastKnownFileType = sourcecode.c.objc; path = CDVContacts.m; sourceTree = "<group>"; };
		6B07B56F18AF980600ACB97D /* CDVDevice.h */ = {isa = PBXFileReference; fileEncoding = 4; lastKnownFileType = sourcecode.c.h; path = CDVDevice.h; sourceTree = "<group>"; };
		6B07B57018AF980600ACB97D /* CDVDevice.m */ = {isa = PBXFileReference; fileEncoding = 4; lastKnownFileType = sourcecode.c.objc; path = CDVDevice.m; sourceTree = "<group>"; };
		6B07B57218AF980600ACB97D /* CDVAccelerometer.h */ = {isa = PBXFileReference; fileEncoding = 4; lastKnownFileType = sourcecode.c.h; path = CDVAccelerometer.h; sourceTree = "<group>"; };
		6B07B57318AF980600ACB97D /* CDVAccelerometer.m */ = {isa = PBXFileReference; fileEncoding = 4; lastKnownFileType = sourcecode.c.objc; path = CDVAccelerometer.m; sourceTree = "<group>"; };
		6B07B57518AF980600ACB97D /* CDVCompass.h */ = {isa = PBXFileReference; fileEncoding = 4; lastKnownFileType = sourcecode.c.h; path = CDVCompass.h; sourceTree = "<group>"; };
		6B07B57618AF980600ACB97D /* CDVCompass.m */ = {isa = PBXFileReference; fileEncoding = 4; lastKnownFileType = sourcecode.c.objc; path = CDVCompass.m; sourceTree = "<group>"; };
		6B07B57818AF980600ACB97D /* CDVNotification.h */ = {isa = PBXFileReference; fileEncoding = 4; lastKnownFileType = sourcecode.c.h; path = CDVNotification.h; sourceTree = "<group>"; };
		6B07B57918AF980600ACB97D /* CDVNotification.m */ = {isa = PBXFileReference; fileEncoding = 4; lastKnownFileType = sourcecode.c.objc; path = CDVNotification.m; sourceTree = "<group>"; };
		6B07B57B18AF980600ACB97D /* CDVAssetLibraryFilesystem.h */ = {isa = PBXFileReference; fileEncoding = 4; lastKnownFileType = sourcecode.c.h; path = CDVAssetLibraryFilesystem.h; sourceTree = "<group>"; };
		6B07B57C18AF980600ACB97D /* CDVAssetLibraryFilesystem.m */ = {isa = PBXFileReference; fileEncoding = 4; lastKnownFileType = sourcecode.c.objc; path = CDVAssetLibraryFilesystem.m; sourceTree = "<group>"; };
		6B07B57D18AF980600ACB97D /* CDVFile.h */ = {isa = PBXFileReference; fileEncoding = 4; lastKnownFileType = sourcecode.c.h; path = CDVFile.h; sourceTree = "<group>"; };
		6B07B57E18AF980600ACB97D /* CDVFile.m */ = {isa = PBXFileReference; fileEncoding = 4; lastKnownFileType = sourcecode.c.objc; path = CDVFile.m; sourceTree = "<group>"; };
		6B07B57F18AF980600ACB97D /* CDVLocalFilesystem.h */ = {isa = PBXFileReference; fileEncoding = 4; lastKnownFileType = sourcecode.c.h; path = CDVLocalFilesystem.h; sourceTree = "<group>"; };
		6B07B58018AF980600ACB97D /* CDVLocalFilesystem.m */ = {isa = PBXFileReference; fileEncoding = 4; lastKnownFileType = sourcecode.c.objc; path = CDVLocalFilesystem.m; sourceTree = "<group>"; };
		6B07B58218AF980600ACB97D /* CDVFileTransfer.h */ = {isa = PBXFileReference; fileEncoding = 4; lastKnownFileType = sourcecode.c.h; path = CDVFileTransfer.h; sourceTree = "<group>"; };
		6B07B58318AF980600ACB97D /* CDVFileTransfer.m */ = {isa = PBXFileReference; fileEncoding = 4; lastKnownFileType = sourcecode.c.objc; path = CDVFileTransfer.m; sourceTree = "<group>"; };
		6B07B58518AF980600ACB97D /* CDVLocation.h */ = {isa = PBXFileReference; fileEncoding = 4; lastKnownFileType = sourcecode.c.h; path = CDVLocation.h; sourceTree = "<group>"; };
		6B07B58618AF980600ACB97D /* CDVLocation.m */ = {isa = PBXFileReference; fileEncoding = 4; lastKnownFileType = sourcecode.c.objc; path = CDVLocation.m; sourceTree = "<group>"; };
		6B07B58818AF980600ACB97D /* CDVGlobalization.h */ = {isa = PBXFileReference; fileEncoding = 4; lastKnownFileType = sourcecode.c.h; path = CDVGlobalization.h; sourceTree = "<group>"; };
		6B07B58918AF980600ACB97D /* CDVGlobalization.m */ = {isa = PBXFileReference; fileEncoding = 4; lastKnownFileType = sourcecode.c.objc; path = CDVGlobalization.m; sourceTree = "<group>"; };
		6B07B58B18AF980600ACB97D /* CDVSound.h */ = {isa = PBXFileReference; fileEncoding = 4; lastKnownFileType = sourcecode.c.h; path = CDVSound.h; sourceTree = "<group>"; };
		6B07B58C18AF980600ACB97D /* CDVSound.m */ = {isa = PBXFileReference; fileEncoding = 4; lastKnownFileType = sourcecode.c.objc; path = CDVSound.m; sourceTree = "<group>"; };
		6B07B58E18AF980600ACB97D /* CDVConnection.h */ = {isa = PBXFileReference; fileEncoding = 4; lastKnownFileType = sourcecode.c.h; path = CDVConnection.h; sourceTree = "<group>"; };
		6B07B58F18AF980600ACB97D /* CDVConnection.m */ = {isa = PBXFileReference; fileEncoding = 4; lastKnownFileType = sourcecode.c.objc; path = CDVConnection.m; sourceTree = "<group>"; };
		6B07B59018AF980600ACB97D /* CDVReachability.h */ = {isa = PBXFileReference; fileEncoding = 4; lastKnownFileType = sourcecode.c.h; path = CDVReachability.h; sourceTree = "<group>"; };
		6B07B59118AF980600ACB97D /* CDVReachability.m */ = {isa = PBXFileReference; fileEncoding = 4; lastKnownFileType = sourcecode.c.objc; path = CDVReachability.m; sourceTree = "<group>"; };
		6B07B59318AF980600ACB97D /* CDVSplashScreen.h */ = {isa = PBXFileReference; fileEncoding = 4; lastKnownFileType = sourcecode.c.h; path = CDVSplashScreen.h; sourceTree = "<group>"; };
		6B07B59418AF980600ACB97D /* CDVSplashScreen.m */ = {isa = PBXFileReference; fileEncoding = 4; lastKnownFileType = sourcecode.c.objc; path = CDVSplashScreen.m; sourceTree = "<group>"; };
		6B07B59618AF980600ACB97D /* CDVVibration.h */ = {isa = PBXFileReference; fileEncoding = 4; lastKnownFileType = sourcecode.c.h; path = CDVVibration.h; sourceTree = "<group>"; };
		6B07B59718AF980600ACB97D /* CDVVibration.m */ = {isa = PBXFileReference; fileEncoding = 4; lastKnownFileType = sourcecode.c.objc; path = CDVVibration.m; sourceTree = "<group>"; };
		6B07B59818AF980600ACB97D /* README */ = {isa = PBXFileReference; fileEncoding = 4; lastKnownFileType = text; path = README; sourceTree = "<group>"; };
		6B07B59A18AF980600ACB97D /* CDVNotification.bundle */ = {isa = PBXFileReference; lastKnownFileType = "wrapper.plug-in"; path = CDVNotification.bundle; sourceTree = "<group>"; };
		6B07B59C18AF980600ACB97D /* de */ = {isa = PBXFileReference; lastKnownFileType = text.plist.strings; name = de; path = de.lproj/Localizable.strings; sourceTree = "<group>"; };
		6B07B59D18AF980600ACB97D /* en */ = {isa = PBXFileReference; lastKnownFileType = text.plist.strings; name = en; path = en.lproj/Localizable.strings; sourceTree = "<group>"; };
		6B07B59E18AF980600ACB97D /* es */ = {isa = PBXFileReference; lastKnownFileType = text.plist.strings; name = es; path = es.lproj/Localizable.strings; sourceTree = "<group>"; };
		6B07B5A018AF980600ACB97D /* icon-72.png */ = {isa = PBXFileReference; lastKnownFileType = image.png; path = "icon-72.png"; sourceTree = "<group>"; };
		6B07B5A118AF980600ACB97D /* icon-72@2x.png */ = {isa = PBXFileReference; lastKnownFileType = image.png; path = "icon-72@2x.png"; sourceTree = "<group>"; };
		6B07B5A218AF980600ACB97D /* icon.png */ = {isa = PBXFileReference; lastKnownFileType = image.png; path = icon.png; sourceTree = "<group>"; };
		6B07B5A318AF980600ACB97D /* icon@2x.png */ = {isa = PBXFileReference; lastKnownFileType = image.png; path = "icon@2x.png"; sourceTree = "<group>"; };
		6B07B5A418AF980600ACB97D /* Images.xcassets */ = {isa = PBXFileReference; lastKnownFileType = folder.assetcatalog; path = Images.xcassets; sourceTree = "<group>"; };
		6B07B5A518AF980600ACB97D /* se */ = {isa = PBXFileReference; lastKnownFileType = text.plist.strings; name = se; path = se.lproj/Localizable.strings; sourceTree = "<group>"; };
		6B07B5A718AF980600ACB97D /* Default-568h@2x~iphone.png */ = {isa = PBXFileReference; lastKnownFileType = image.png; path = "Default-568h@2x~iphone.png"; sourceTree = "<group>"; };
		6B07B5A818AF980600ACB97D /* Default-Landscape@2x~ipad.png */ = {isa = PBXFileReference; lastKnownFileType = image.png; path = "Default-Landscape@2x~ipad.png"; sourceTree = "<group>"; };
		6B07B5A918AF980600ACB97D /* Default-Landscape~ipad.png */ = {isa = PBXFileReference; lastKnownFileType = image.png; path = "Default-Landscape~ipad.png"; sourceTree = "<group>"; };
		6B07B5AA18AF980600ACB97D /* Default-Portrait@2x~ipad.png */ = {isa = PBXFileReference; lastKnownFileType = image.png; path = "Default-Portrait@2x~ipad.png"; sourceTree = "<group>"; };
		6B07B5AB18AF980600ACB97D /* Default-Portrait~ipad.png */ = {isa = PBXFileReference; lastKnownFileType = image.png; path = "Default-Portrait~ipad.png"; sourceTree = "<group>"; };
		6B07B5AC18AF980600ACB97D /* Default@2x~iphone.png */ = {isa = PBXFileReference; lastKnownFileType = image.png; path = "Default@2x~iphone.png"; sourceTree = "<group>"; };
		6B07B5AD18AF980600ACB97D /* Default~iphone.png */ = {isa = PBXFileReference; lastKnownFileType = image.png; path = "Default~iphone.png"; sourceTree = "<group>"; };
		6B07B5D218AF986800ACB97D /* Countly.h */ = {isa = PBXFileReference; fileEncoding = 4; lastKnownFileType = sourcecode.c.h; path = Countly.h; sourceTree = "<group>"; };
		6B07B5D318AF986800ACB97D /* Countly.m */ = {isa = PBXFileReference; fileEncoding = 4; lastKnownFileType = sourcecode.c.objc; path = Countly.m; sourceTree = "<group>"; };
		6B07B5D518AF986800ACB97D /* Countly.xcdatamodel */ = {isa = PBXFileReference; lastKnownFileType = wrapper.xcdatamodel; path = Countly.xcdatamodel; sourceTree = "<group>"; };
		6B07B5D618AF986800ACB97D /* Countly_OpenUDID.h */ = {isa = PBXFileReference; fileEncoding = 4; lastKnownFileType = sourcecode.c.h; path = Countly_OpenUDID.h; sourceTree = "<group>"; };
		6B07B5D718AF986800ACB97D /* Countly_OpenUDID.m */ = {isa = PBXFileReference; fileEncoding = 4; lastKnownFileType = sourcecode.c.objc; path = Countly_OpenUDID.m; sourceTree = "<group>"; };
		6B07B5D818AF986800ACB97D /* CountlyDB.h */ = {isa = PBXFileReference; fileEncoding = 4; lastKnownFileType = sourcecode.c.h; path = CountlyDB.h; sourceTree = "<group>"; };
		6B07B5D918AF986800ACB97D /* CountlyDB.m */ = {isa = PBXFileReference; fileEncoding = 4; lastKnownFileType = sourcecode.c.objc; path = CountlyDB.m; sourceTree = "<group>"; };
		6B07B5DA18AF986800ACB97D /* LICENSE */ = {isa = PBXFileReference; fileEncoding = 4; lastKnownFileType = text; path = LICENSE; sourceTree = "<group>"; };
		6B07B5DB18AF986800ACB97D /* README.md */ = {isa = PBXFileReference; fileEncoding = 4; lastKnownFileType = text; path = README.md; sourceTree = "<group>"; };
		6B07B5DD18AF986800ACB97D /* DMOfferWallManager.h */ = {isa = PBXFileReference; fileEncoding = 4; lastKnownFileType = sourcecode.c.h; path = DMOfferWallManager.h; sourceTree = "<group>"; };
		6B07B5DE18AF986800ACB97D /* DMOfferWallManagerDelegate.h */ = {isa = PBXFileReference; fileEncoding = 4; lastKnownFileType = sourcecode.c.h; path = DMOfferWallManagerDelegate.h; sourceTree = "<group>"; };
		6B07B5DF18AF986800ACB97D /* DMOfferWallViewController.h */ = {isa = PBXFileReference; fileEncoding = 4; lastKnownFileType = sourcecode.c.h; path = DMOfferWallViewController.h; sourceTree = "<group>"; };
		6B07B5E018AF986800ACB97D /* DMVideoViewController.h */ = {isa = PBXFileReference; fileEncoding = 4; lastKnownFileType = sourcecode.c.h; path = DMVideoViewController.h; sourceTree = "<group>"; };
		6B07B5E218AF986800ACB97D /* DomobOfferWallBundle.bundle */ = {isa = PBXFileReference; lastKnownFileType = "wrapper.plug-in"; path = DomobOfferWallBundle.bundle; sourceTree = "<group>"; };
		6B07B5E318AF986800ACB97D /* libDomobOfferWallSDK.a */ = {isa = PBXFileReference; lastKnownFileType = archive.ar; path = libDomobOfferWallSDK.a; sourceTree = "<group>"; };
		6B07B5E418AF986800ACB97D /* libDomobOfferWallSDK_64.a */ = {isa = PBXFileReference; lastKnownFileType = archive.ar; path = libDomobOfferWallSDK_64.a; sourceTree = "<group>"; };
		6B07B5EE18AF988300ACB97D /* CordovaLib.xcodeproj */ = {isa = PBXFileReference; lastKnownFileType = "wrapper.pb-project"; name = CordovaLib.xcodeproj; path = Lib/CordovaLib/CordovaLib.xcodeproj; sourceTree = "<group>"; };
		6B07B61918AFB70000ACB97D /* libUMSAgent.a */ = {isa = PBXFileReference; lastKnownFileType = archive.ar; path = libUMSAgent.a; sourceTree = "<group>"; };
		6B07B61A18AFB70000ACB97D /* UMSAgent.h */ = {isa = PBXFileReference; fileEncoding = 4; lastKnownFileType = sourcecode.c.h; path = UMSAgent.h; sourceTree = "<group>"; };
		6B07B62018AFC34F00ACB97D /* iCommerce.entitlements */ = {isa = PBXFileReference; lastKnownFileType = text.xml; path = iCommerce.entitlements; sourceTree = "<group>"; };
		6B1A386818AE809700A8C65E /* CoreMotion.framework */ = {isa = PBXFileReference; lastKnownFileType = wrapper.framework; name = CoreMotion.framework; path = System/Library/Frameworks/CoreMotion.framework; sourceTree = SDKROOT; };
		6B1A386A18AE80AF00A8C65E /* CFNetwork.framework */ = {isa = PBXFileReference; lastKnownFileType = wrapper.framework; name = CFNetwork.framework; path = System/Library/Frameworks/CFNetwork.framework; sourceTree = SDKROOT; };
		6B1A386C18AE80E200A8C65E /* OpenAL.framework */ = {isa = PBXFileReference; lastKnownFileType = wrapper.framework; name = OpenAL.framework; path = System/Library/Frameworks/OpenAL.framework; sourceTree = SDKROOT; };
		6B1A387018AE812E00A8C65E /* MediaPlayer.framework */ = {isa = PBXFileReference; lastKnownFileType = wrapper.framework; name = MediaPlayer.framework; path = System/Library/Frameworks/MediaPlayer.framework; sourceTree = SDKROOT; };
		6B1A388F18AF5D8000A8C65E /* SenTestingKit.framework */ = {isa = PBXFileReference; lastKnownFileType = wrapper.framework; name = SenTestingKit.framework; path = Library/Frameworks/SenTestingKit.framework; sourceTree = DEVELOPER_DIR; };
		6B8903A018B0DE02009BFB0F /* CDVLogger.h */ = {isa = PBXFileReference; fileEncoding = 4; lastKnownFileType = sourcecode.c.h; path = CDVLogger.h; sourceTree = "<group>"; };
		6B8903A118B0DE02009BFB0F /* CDVLogger.m */ = {isa = PBXFileReference; fileEncoding = 4; lastKnownFileType = sourcecode.c.objc; path = CDVLogger.m; sourceTree = "<group>"; };
		6BAC94A518AE721000DC4A4D /* www */ = {isa = PBXFileReference; lastKnownFileType = folder; path = www; sourceTree = "<group>"; };
		6BB23D8C18ABCD1A00F87704 /* iCommerce.app */ = {isa = PBXFileReference; explicitFileType = wrapper.application; includeInIndex = 0; path = iCommerce.app; sourceTree = BUILT_PRODUCTS_DIR; };
		6BB23D8F18ABCD1A00F87704 /* Foundation.framework */ = {isa = PBXFileReference; lastKnownFileType = wrapper.framework; name = Foundation.framework; path = System/Library/Frameworks/Foundation.framework; sourceTree = SDKROOT; };
		6BB23D9118ABCD1A00F87704 /* CoreGraphics.framework */ = {isa = PBXFileReference; lastKnownFileType = wrapper.framework; name = CoreGraphics.framework; path = System/Library/Frameworks/CoreGraphics.framework; sourceTree = SDKROOT; };
		6BB23D9318ABCD1A00F87704 /* UIKit.framework */ = {isa = PBXFileReference; lastKnownFileType = wrapper.framework; name = UIKit.framework; path = System/Library/Frameworks/UIKit.framework; sourceTree = SDKROOT; };
		6BB23D9718ABCD1A00F87704 /* iCommerce-Info.plist */ = {isa = PBXFileReference; lastKnownFileType = text.plist.xml; path = "iCommerce-Info.plist"; sourceTree = "<group>"; };
		6BB23D9B18ABCD1A00F87704 /* main.m */ = {isa = PBXFileReference; lastKnownFileType = sourcecode.c.objc; path = main.m; sourceTree = "<group>"; };
		6BB23D9D18ABCD1A00F87704 /* iCommerce-Prefix.pch */ = {isa = PBXFileReference; lastKnownFileType = sourcecode.c.h; path = "iCommerce-Prefix.pch"; sourceTree = "<group>"; };
		6BB23DB318ABCD1A00F87704 /* iCommerceTests.xctest */ = {isa = PBXFileReference; explicitFileType = wrapper.cfbundle; includeInIndex = 0; path = iCommerceTests.xctest; sourceTree = BUILT_PRODUCTS_DIR; };
		6BB23DB418ABCD1A00F87704 /* XCTest.framework */ = {isa = PBXFileReference; lastKnownFileType = wrapper.framework; name = XCTest.framework; path = Library/Frameworks/XCTest.framework; sourceTree = DEVELOPER_DIR; };
		6BB23DBC18ABCD1A00F87704 /* iCommerceTests-Info.plist */ = {isa = PBXFileReference; lastKnownFileType = text.plist.xml; path = "iCommerceTests-Info.plist"; sourceTree = "<group>"; };
		6BB23DBE18ABCD1A00F87704 /* en */ = {isa = PBXFileReference; lastKnownFileType = text.plist.strings; name = en; path = en.lproj/InfoPlist.strings; sourceTree = "<group>"; };
		6BB23DC018ABCD1A00F87704 /* iCommerceTests.m */ = {isa = PBXFileReference; lastKnownFileType = sourcecode.c.objc; path = iCommerceTests.m; sourceTree = "<group>"; };
		6BB23E1918ABD17000F87704 /* config.xml */ = {isa = PBXFileReference; fileEncoding = 4; lastKnownFileType = text.xml; name = config.xml; path = iCommerce/config.xml; sourceTree = "<group>"; };
		6BB23E1B18ABD1C300F87704 /* CoreData.framework */ = {isa = PBXFileReference; lastKnownFileType = wrapper.framework; name = CoreData.framework; path = System/Library/Frameworks/CoreData.framework; sourceTree = SDKROOT; };
		6BB23E1C18ABD1C300F87704 /* CoreTelephony.framework */ = {isa = PBXFileReference; lastKnownFileType = wrapper.framework; name = CoreTelephony.framework; path = System/Library/Frameworks/CoreTelephony.framework; sourceTree = SDKROOT; };
		6BB23E1D18ABD1C300F87704 /* AdSupport.framework */ = {isa = PBXFileReference; lastKnownFileType = wrapper.framework; name = AdSupport.framework; path = System/Library/Frameworks/AdSupport.framework; sourceTree = SDKROOT; };
		6BB23E1E18ABD1C300F87704 /* Foundation.framework */ = {isa = PBXFileReference; lastKnownFileType = wrapper.framework; name = Foundation.framework; path = System/Library/Frameworks/Foundation.framework; sourceTree = SDKROOT; };
		6BB23E2018ABD1C300F87704 /* QuartzCore.framework */ = {isa = PBXFileReference; lastKnownFileType = wrapper.framework; name = QuartzCore.framework; path = System/Library/Frameworks/QuartzCore.framework; sourceTree = SDKROOT; };
		6BB23E2118ABD1C300F87704 /* Security.framework */ = {isa = PBXFileReference; lastKnownFileType = wrapper.framework; name = Security.framework; path = System/Library/Frameworks/Security.framework; sourceTree = SDKROOT; };
		6BB23E2218ABD1C300F87704 /* libsqlite3.dylib */ = {isa = PBXFileReference; lastKnownFileType = "compiled.mach-o.dylib"; name = libsqlite3.dylib; path = usr/lib/libsqlite3.dylib; sourceTree = SDKROOT; };
		6BB23E2318ABD1C300F87704 /* CoreMedia.framework */ = {isa = PBXFileReference; lastKnownFileType = wrapper.framework; name = CoreMedia.framework; path = System/Library/Frameworks/CoreMedia.framework; sourceTree = SDKROOT; };
		6BB23E2418ABD1C300F87704 /* ImageIO.framework */ = {isa = PBXFileReference; lastKnownFileType = wrapper.framework; name = ImageIO.framework; path = System/Library/Frameworks/ImageIO.framework; sourceTree = SDKROOT; };
		6BB23E2518ABD1C300F87704 /* AddressBook.framework */ = {isa = PBXFileReference; lastKnownFileType = wrapper.framework; name = AddressBook.framework; path = System/Library/Frameworks/AddressBook.framework; sourceTree = SDKROOT; };
		6BB23E2618ABD1C300F87704 /* AssetsLibrary.framework */ = {isa = PBXFileReference; lastKnownFileType = wrapper.framework; name = AssetsLibrary.framework; path = System/Library/Frameworks/AssetsLibrary.framework; sourceTree = SDKROOT; };
		6BB23E2718ABD1C300F87704 /* CoreMedia.framework */ = {isa = PBXFileReference; lastKnownFileType = wrapper.framework; name = CoreMedia.framework; path = System/Library/Frameworks/CoreMedia.framework; sourceTree = SDKROOT; };
		6BB23E2918ABD1C300F87704 /* AVFoundation.framework */ = {isa = PBXFileReference; lastKnownFileType = wrapper.framework; name = AVFoundation.framework; path = System/Library/Frameworks/AVFoundation.framework; sourceTree = SDKROOT; };
		6BB23E2A18ABD1C300F87704 /* CoreLocation.framework */ = {isa = PBXFileReference; lastKnownFileType = wrapper.framework; name = CoreLocation.framework; path = System/Library/Frameworks/CoreLocation.framework; sourceTree = SDKROOT; };
		6BB23E2B18ABD1C300F87704 /* MobileCoreServices.framework */ = {isa = PBXFileReference; lastKnownFileType = wrapper.framework; name = MobileCoreServices.framework; path = System/Library/Frameworks/MobileCoreServices.framework; sourceTree = SDKROOT; };
		6BB23E2C18ABD1C300F87704 /* SystemConfiguration.framework */ = {isa = PBXFileReference; lastKnownFileType = wrapper.framework; name = SystemConfiguration.framework; path = System/Library/Frameworks/SystemConfiguration.framework; sourceTree = SDKROOT; };
		6BB23E2D18ABD1C300F87704 /* AddressBookUI.framework */ = {isa = PBXFileReference; lastKnownFileType = wrapper.framework; name = AddressBookUI.framework; path = System/Library/Frameworks/AddressBookUI.framework; sourceTree = SDKROOT; };
		6BB23E2E18ABD1C300F87704 /* CoreGraphics.framework */ = {isa = PBXFileReference; lastKnownFileType = wrapper.framework; name = CoreGraphics.framework; path = System/Library/Frameworks/CoreGraphics.framework; sourceTree = SDKROOT; };
		6BB5875418B3CE1100593688 /* StoreKit.framework */ = {isa = PBXFileReference; lastKnownFileType = wrapper.framework; name = StoreKit.framework; path = System/Library/Frameworks/StoreKit.framework; sourceTree = SDKROOT; };
		6BB5875618B3CE8100593688 /* AudioToolbox.framework */ = {isa = PBXFileReference; lastKnownFileType = wrapper.framework; name = AudioToolbox.framework; path = System/Library/Frameworks/AudioToolbox.framework; sourceTree = SDKROOT; };
/* End PBXFileReference section */

/* Begin PBXFrameworksBuildPhase section */
		6BB23D8918ABCD1A00F87704 /* Frameworks */ = {
			isa = PBXFrameworksBuildPhase;
			buildActionMask = 2147483647;
			files = (
				6BB5875718B3CE8100593688 /* AudioToolbox.framework in Frameworks */,
				6BB5875518B3CE1100593688 /* StoreKit.framework in Frameworks */,
				6B07B61F18AFBC2B00ACB97D /* libDomobOfferWallSDK.a in Frameworks */,
				6B07B61E18AFBC0E00ACB97D /* libUMSAgent.a in Frameworks */,
				6B07B60118AF993000ACB97D /* libCordova.a in Frameworks */,
				6BB23E3918ABD1C400F87704 /* AddressBook.framework in Frameworks */,
				6BB23E3418ABD1C300F87704 /* QuartzCore.framework in Frameworks */,
				6BB23E3D18ABD1C400F87704 /* AVFoundation.framework in Frameworks */,
				6BB23E3B18ABD1C400F87704 /* CoreMedia.framework in Frameworks */,
				6B1A386D18AE80E200A8C65E /* OpenAL.framework in Frameworks */,
				6BB23E3818ABD1C400F87704 /* ImageIO.framework in Frameworks */,
				6BB23E4018ABD1C400F87704 /* SystemConfiguration.framework in Frameworks */,
				6B1A386918AE809700A8C65E /* CoreMotion.framework in Frameworks */,
				6B1A387118AE812E00A8C65E /* MediaPlayer.framework in Frameworks */,
				6BB23D9218ABCD1A00F87704 /* CoreGraphics.framework in Frameworks */,
				6BB23E3518ABD1C400F87704 /* Security.framework in Frameworks */,
				6BB23E2F18ABD1C300F87704 /* CoreData.framework in Frameworks */,
				6BB23E4218ABD1C400F87704 /* CoreGraphics.framework in Frameworks */,
				6BB23D9418ABCD1A00F87704 /* UIKit.framework in Frameworks */,
				6BB23E3018ABD1C300F87704 /* CoreTelephony.framework in Frameworks */,
				6BB23D9018ABCD1A00F87704 /* Foundation.framework in Frameworks */,
				6BB23E3A18ABD1C400F87704 /* AssetsLibrary.framework in Frameworks */,
				6B1A386B18AE80AF00A8C65E /* CFNetwork.framework in Frameworks */,
				6BB23E3F18ABD1C400F87704 /* MobileCoreServices.framework in Frameworks */,
				6BB23E4118ABD1C400F87704 /* AddressBookUI.framework in Frameworks */,
				6BB23E3718ABD1C400F87704 /* CoreMedia.framework in Frameworks */,
				6BB23E3E18ABD1C400F87704 /* CoreLocation.framework in Frameworks */,
				6BB23E3118ABD1C300F87704 /* AdSupport.framework in Frameworks */,
				6BB23E3618ABD1C400F87704 /* libsqlite3.dylib in Frameworks */,
				6BB23E3218ABD1C300F87704 /* Foundation.framework in Frameworks */,
			);
			runOnlyForDeploymentPostprocessing = 0;
		};
		6BB23DB018ABCD1A00F87704 /* Frameworks */ = {
			isa = PBXFrameworksBuildPhase;
			buildActionMask = 2147483647;
			files = (
				6BB23DB518ABCD1A00F87704 /* XCTest.framework in Frameworks */,
				6BB23DB718ABCD1A00F87704 /* UIKit.framework in Frameworks */,
				6BB23DB618ABCD1A00F87704 /* Foundation.framework in Frameworks */,
			);
			runOnlyForDeploymentPostprocessing = 0;
		};
/* End PBXFrameworksBuildPhase section */

/* Begin PBXGroup section */
		6B07B53518AF97EE00ACB97D /* Classes */ = {
			isa = PBXGroup;
			children = (
				6B07B53618AF97EE00ACB97D /* AppDelegate.h */,
				6B07B53718AF97EE00ACB97D /* AppDelegate.m */,
				6B07B53818AF97EE00ACB97D /* DMAppDelegate.h */,
				6B07B53918AF97EE00ACB97D /* DMAppDelegate.m */,
				6B07B53A18AF97EE00ACB97D /* DMDemoConstants.h */,
				6B07B53B18AF97EE00ACB97D /* FirstViewController.h */,
				6B07B53C18AF97EE00ACB97D /* FirstViewController.m */,
				6B07B53D18AF97EE00ACB97D /* MainMenuViewController.h */,
				6B07B53E18AF97EE00ACB97D /* MainMenuViewController.m */,
				6B07B53F18AF97EE00ACB97D /* MainMenuViewController.xib */,
				6B07B54018AF97EE00ACB97D /* OfferManageViewController.h */,
				6B07B54118AF97EE00ACB97D /* OfferManageViewController.m */,
				6B07B54218AF97EE00ACB97D /* OfferManageViewController.xib */,
				6B07B54318AF97EE00ACB97D /* OnlineWallViewController.h */,
				6B07B54418AF97EE00ACB97D /* OnlineWallViewController.m */,
				6B07B54518AF97EE00ACB97D /* OnlineWallViewController.xib */,
				6B07B54618AF97EE00ACB97D /* OWInterstitialViewController.h */,
				6B07B54718AF97EE00ACB97D /* OWInterstitialViewController.m */,
				6B07B54818AF97EE00ACB97D /* OWInterstitialViewController.xib */,
				6B07B54918AF97EE00ACB97D /* SecondViewController.h */,
				6B07B54A18AF97EE00ACB97D /* SecondViewController.m */,
				6B07B54B18AF97EE00ACB97D /* Toast+UIView.h */,
				6B07B54C18AF97EE00ACB97D /* Toast+UIView.m */,
				6B07B54D18AF97EE00ACB97D /* VideoOfferWallViewController.h */,
				6B07B54E18AF97EE00ACB97D /* VideoOfferWallViewController.m */,
				6B07B54F18AF97EE00ACB97D /* VideoOfferWallViewController.xib */,
			);
			path = Classes;
			sourceTree = "<group>";
		};
		6B07B55F18AF980600ACB97D /* Plugins */ = {
			isa = PBXGroup;
			children = (
				6B89039F18B0DE02009BFB0F /* org.apache.cordova.console */,
				6B07B56018AF980600ACB97D /* org.apache.cordova.battery-status */,
				6B07B56318AF980600ACB97D /* org.apache.cordova.camera */,
				6B07B56918AF980600ACB97D /* org.apache.cordova.contacts */,
				6B07B56E18AF980600ACB97D /* org.apache.cordova.device */,
				6B07B57118AF980600ACB97D /* org.apache.cordova.device-motion */,
				6B07B57418AF980600ACB97D /* org.apache.cordova.device-orientation */,
				6B07B57718AF980600ACB97D /* org.apache.cordova.dialogs */,
				6B07B57A18AF980600ACB97D /* org.apache.cordova.file */,
				6B07B58118AF980600ACB97D /* org.apache.cordova.file-transfer */,
				6B07B58418AF980600ACB97D /* org.apache.cordova.geolocation */,
				6B07B58718AF980600ACB97D /* org.apache.cordova.globalization */,
				6B07B58A18AF980600ACB97D /* org.apache.cordova.media */,
				6B07B58D18AF980600ACB97D /* org.apache.cordova.network-information */,
				6B07B59218AF980600ACB97D /* org.apache.cordova.splashscreen */,
				6B07B59518AF980600ACB97D /* org.apache.cordova.vibration */,
				6B07B59818AF980600ACB97D /* README */,
			);
			path = Plugins;
			sourceTree = "<group>";
		};
		6B07B56018AF980600ACB97D /* org.apache.cordova.battery-status */ = {
			isa = PBXGroup;
			children = (
				6B07B56118AF980600ACB97D /* CDVBattery.h */,
				6B07B56218AF980600ACB97D /* CDVBattery.m */,
			);
			path = "org.apache.cordova.battery-status";
			sourceTree = "<group>";
		};
		6B07B56318AF980600ACB97D /* org.apache.cordova.camera */ = {
			isa = PBXGroup;
			children = (
				6B07B56418AF980600ACB97D /* CDVCamera.h */,
				6B07B56518AF980600ACB97D /* CDVCamera.m */,
				6B07B56618AF980600ACB97D /* CDVExif.h */,
				6B07B56718AF980600ACB97D /* CDVJpegHeaderWriter.h */,
				6B07B56818AF980600ACB97D /* CDVJpegHeaderWriter.m */,
			);
			path = org.apache.cordova.camera;
			sourceTree = "<group>";
		};
		6B07B56918AF980600ACB97D /* org.apache.cordova.contacts */ = {
			isa = PBXGroup;
			children = (
				6B07B56A18AF980600ACB97D /* CDVContact.h */,
				6B07B56B18AF980600ACB97D /* CDVContact.m */,
				6B07B56C18AF980600ACB97D /* CDVContacts.h */,
				6B07B56D18AF980600ACB97D /* CDVContacts.m */,
			);
			path = org.apache.cordova.contacts;
			sourceTree = "<group>";
		};
		6B07B56E18AF980600ACB97D /* org.apache.cordova.device */ = {
			isa = PBXGroup;
			children = (
				6B07B56F18AF980600ACB97D /* CDVDevice.h */,
				6B07B57018AF980600ACB97D /* CDVDevice.m */,
			);
			path = org.apache.cordova.device;
			sourceTree = "<group>";
		};
		6B07B57118AF980600ACB97D /* org.apache.cordova.device-motion */ = {
			isa = PBXGroup;
			children = (
				6B07B57218AF980600ACB97D /* CDVAccelerometer.h */,
				6B07B57318AF980600ACB97D /* CDVAccelerometer.m */,
			);
			path = "org.apache.cordova.device-motion";
			sourceTree = "<group>";
		};
		6B07B57418AF980600ACB97D /* org.apache.cordova.device-orientation */ = {
			isa = PBXGroup;
			children = (
				6B07B57518AF980600ACB97D /* CDVCompass.h */,
				6B07B57618AF980600ACB97D /* CDVCompass.m */,
			);
			path = "org.apache.cordova.device-orientation";
			sourceTree = "<group>";
		};
		6B07B57718AF980600ACB97D /* org.apache.cordova.dialogs */ = {
			isa = PBXGroup;
			children = (
				6B07B57818AF980600ACB97D /* CDVNotification.h */,
				6B07B57918AF980600ACB97D /* CDVNotification.m */,
			);
			path = org.apache.cordova.dialogs;
			sourceTree = "<group>";
		};
		6B07B57A18AF980600ACB97D /* org.apache.cordova.file */ = {
			isa = PBXGroup;
			children = (
				6B07B57B18AF980600ACB97D /* CDVAssetLibraryFilesystem.h */,
				6B07B57C18AF980600ACB97D /* CDVAssetLibraryFilesystem.m */,
				6B07B57D18AF980600ACB97D /* CDVFile.h */,
				6B07B57E18AF980600ACB97D /* CDVFile.m */,
				6B07B57F18AF980600ACB97D /* CDVLocalFilesystem.h */,
				6B07B58018AF980600ACB97D /* CDVLocalFilesystem.m */,
			);
			path = org.apache.cordova.file;
			sourceTree = "<group>";
		};
		6B07B58118AF980600ACB97D /* org.apache.cordova.file-transfer */ = {
			isa = PBXGroup;
			children = (
				6B07B58218AF980600ACB97D /* CDVFileTransfer.h */,
				6B07B58318AF980600ACB97D /* CDVFileTransfer.m */,
			);
			path = "org.apache.cordova.file-transfer";
			sourceTree = "<group>";
		};
		6B07B58418AF980600ACB97D /* org.apache.cordova.geolocation */ = {
			isa = PBXGroup;
			children = (
				6B07B58518AF980600ACB97D /* CDVLocation.h */,
				6B07B58618AF980600ACB97D /* CDVLocation.m */,
			);
			path = org.apache.cordova.geolocation;
			sourceTree = "<group>";
		};
		6B07B58718AF980600ACB97D /* org.apache.cordova.globalization */ = {
			isa = PBXGroup;
			children = (
				6B07B58818AF980600ACB97D /* CDVGlobalization.h */,
				6B07B58918AF980600ACB97D /* CDVGlobalization.m */,
			);
			path = org.apache.cordova.globalization;
			sourceTree = "<group>";
		};
		6B07B58A18AF980600ACB97D /* org.apache.cordova.media */ = {
			isa = PBXGroup;
			children = (
				6B07B58B18AF980600ACB97D /* CDVSound.h */,
				6B07B58C18AF980600ACB97D /* CDVSound.m */,
			);
			path = org.apache.cordova.media;
			sourceTree = "<group>";
		};
		6B07B58D18AF980600ACB97D /* org.apache.cordova.network-information */ = {
			isa = PBXGroup;
			children = (
				6B07B58E18AF980600ACB97D /* CDVConnection.h */,
				6B07B58F18AF980600ACB97D /* CDVConnection.m */,
				6B07B59018AF980600ACB97D /* CDVReachability.h */,
				6B07B59118AF980600ACB97D /* CDVReachability.m */,
			);
			path = "org.apache.cordova.network-information";
			sourceTree = "<group>";
		};
		6B07B59218AF980600ACB97D /* org.apache.cordova.splashscreen */ = {
			isa = PBXGroup;
			children = (
				6B07B59318AF980600ACB97D /* CDVSplashScreen.h */,
				6B07B59418AF980600ACB97D /* CDVSplashScreen.m */,
			);
			path = org.apache.cordova.splashscreen;
			sourceTree = "<group>";
		};
		6B07B59518AF980600ACB97D /* org.apache.cordova.vibration */ = {
			isa = PBXGroup;
			children = (
				6B07B59618AF980600ACB97D /* CDVVibration.h */,
				6B07B59718AF980600ACB97D /* CDVVibration.m */,
			);
			path = org.apache.cordova.vibration;
			sourceTree = "<group>";
		};
		6B07B59918AF980600ACB97D /* Resources */ = {
			isa = PBXGroup;
			children = (
				6B07B59A18AF980600ACB97D /* CDVNotification.bundle */,
				6B07B59B18AF980600ACB97D /* Localizable.strings */,
				6B07B59F18AF980600ACB97D /* icons */,
				6B07B5A418AF980600ACB97D /* Images.xcassets */,
				6B07B5A618AF980600ACB97D /* splash */,
			);
			path = Resources;
			sourceTree = "<group>";
		};
		6B07B59F18AF980600ACB97D /* icons */ = {
			isa = PBXGroup;
			children = (
				6B07B5A018AF980600ACB97D /* icon-72.png */,
				6B07B5A118AF980600ACB97D /* icon-72@2x.png */,
				6B07B5A218AF980600ACB97D /* icon.png */,
				6B07B5A318AF980600ACB97D /* icon@2x.png */,
			);
			path = icons;
			sourceTree = "<group>";
		};
		6B07B5A618AF980600ACB97D /* splash */ = {
			isa = PBXGroup;
			children = (
				6B07B5A718AF980600ACB97D /* Default-568h@2x~iphone.png */,
				6B07B5A818AF980600ACB97D /* Default-Landscape@2x~ipad.png */,
				6B07B5A918AF980600ACB97D /* Default-Landscape~ipad.png */,
				6B07B5AA18AF980600ACB97D /* Default-Portrait@2x~ipad.png */,
				6B07B5AB18AF980600ACB97D /* Default-Portrait~ipad.png */,
				6B07B5AC18AF980600ACB97D /* Default@2x~iphone.png */,
				6B07B5AD18AF980600ACB97D /* Default~iphone.png */,
			);
			path = splash;
			sourceTree = "<group>";
		};
		6B07B5D118AF986800ACB97D /* countly-sdk-ios */ = {
			isa = PBXGroup;
			children = (
				6B07B5D218AF986800ACB97D /* Countly.h */,
				6B07B5D318AF986800ACB97D /* Countly.m */,
				6B07B5D418AF986800ACB97D /* Countly.xcdatamodeld */,
				6B07B5D618AF986800ACB97D /* Countly_OpenUDID.h */,
				6B07B5D718AF986800ACB97D /* Countly_OpenUDID.m */,
				6B07B5D818AF986800ACB97D /* CountlyDB.h */,
				6B07B5D918AF986800ACB97D /* CountlyDB.m */,
				6B07B5DA18AF986800ACB97D /* LICENSE */,
				6B07B5DB18AF986800ACB97D /* README.md */,
			);
			name = "countly-sdk-ios";
			path = "Lib/countly-sdk-ios";
			sourceTree = "<group>";
		};
		6B07B5DC18AF986800ACB97D /* DMOfferWallSDK */ = {
			isa = PBXGroup;
			children = (
				6B07B5DD18AF986800ACB97D /* DMOfferWallManager.h */,
				6B07B5DE18AF986800ACB97D /* DMOfferWallManagerDelegate.h */,
				6B07B5DF18AF986800ACB97D /* DMOfferWallViewController.h */,
				6B07B5E018AF986800ACB97D /* DMVideoViewController.h */,
				6B07B5E118AF986800ACB97D /* DomobOfferWallBundle */,
				6B07B5E318AF986800ACB97D /* libDomobOfferWallSDK.a */,
				6B07B5E418AF986800ACB97D /* libDomobOfferWallSDK_64.a */,
			);
			name = DMOfferWallSDK;
			path = Lib/DMOfferWallSDK;
			sourceTree = "<group>";
		};
		6B07B5E118AF986800ACB97D /* DomobOfferWallBundle */ = {
			isa = PBXGroup;
			children = (
				6B07B5E218AF986800ACB97D /* DomobOfferWallBundle.bundle */,
			);
			path = DomobOfferWallBundle;
			sourceTree = "<group>";
		};
		6B07B5EF18AF988300ACB97D /* Products */ = {
			isa = PBXGroup;
			children = (
				6B07B5F318AF988400ACB97D /* libCordova.a */,
			);
			name = Products;
			sourceTree = "<group>";
		};
		6B07B61818AFB70000ACB97D /* ums */ = {
			isa = PBXGroup;
			children = (
				6B07B61918AFB70000ACB97D /* libUMSAgent.a */,
				6B07B61A18AFB70000ACB97D /* UMSAgent.h */,
			);
			name = ums;
			path = Lib/ums;
			sourceTree = "<group>";
		};
		6B89039F18B0DE02009BFB0F /* org.apache.cordova.console */ = {
			isa = PBXGroup;
			children = (
				6B8903A018B0DE02009BFB0F /* CDVLogger.h */,
				6B8903A118B0DE02009BFB0F /* CDVLogger.m */,
			);
			path = org.apache.cordova.console;
			sourceTree = "<group>";
		};
		6BB23D8318ABCD1900F87704 = {
			isa = PBXGroup;
			children = (
				6B07B5EE18AF988300ACB97D /* CordovaLib.xcodeproj */,
				6B07B61818AFB70000ACB97D /* ums */,
				6B07B5D118AF986800ACB97D /* countly-sdk-ios */,
				6B07B5DC18AF986800ACB97D /* DMOfferWallSDK */,
				6BAC94A518AE721000DC4A4D /* www */,
				6BB23E1918ABD17000F87704 /* config.xml */,
				6BB23D9518ABCD1A00F87704 /* iCommerce */,
				6BB23DBA18ABCD1A00F87704 /* iCommerceTests */,
				6BB23D8E18ABCD1A00F87704 /* Frameworks */,
				6BB23D8D18ABCD1A00F87704 /* Products */,
			);
			sourceTree = "<group>";
		};
		6BB23D8D18ABCD1A00F87704 /* Products */ = {
			isa = PBXGroup;
			children = (
				6BB23D8C18ABCD1A00F87704 /* iCommerce.app */,
				6BB23DB318ABCD1A00F87704 /* iCommerceTests.xctest */,
			);
			name = Products;
			sourceTree = "<group>";
		};
		6BB23D8E18ABCD1A00F87704 /* Frameworks */ = {
			isa = PBXGroup;
			children = (
				6BB5875618B3CE8100593688 /* AudioToolbox.framework */,
				6BB5875418B3CE1100593688 /* StoreKit.framework */,
				6B1A388F18AF5D8000A8C65E /* SenTestingKit.framework */,
				6B1A387018AE812E00A8C65E /* MediaPlayer.framework */,
				6B1A386C18AE80E200A8C65E /* OpenAL.framework */,
				6B1A386A18AE80AF00A8C65E /* CFNetwork.framework */,
				6B1A386818AE809700A8C65E /* CoreMotion.framework */,
				6BB23E1B18ABD1C300F87704 /* CoreData.framework */,
				6BB23E1C18ABD1C300F87704 /* CoreTelephony.framework */,
				6BB23E1D18ABD1C300F87704 /* AdSupport.framework */,
				6BB23E1E18ABD1C300F87704 /* Foundation.framework */,
				6BB23E2018ABD1C300F87704 /* QuartzCore.framework */,
				6BB23E2118ABD1C300F87704 /* Security.framework */,
				6BB23E2218ABD1C300F87704 /* libsqlite3.dylib */,
				6BB23E2318ABD1C300F87704 /* CoreMedia.framework */,
				6BB23E2418ABD1C300F87704 /* ImageIO.framework */,
				6BB23E2518ABD1C300F87704 /* AddressBook.framework */,
				6BB23E2618ABD1C300F87704 /* AssetsLibrary.framework */,
				6BB23E2718ABD1C300F87704 /* CoreMedia.framework */,
				6BB23E2918ABD1C300F87704 /* AVFoundation.framework */,
				6BB23E2A18ABD1C300F87704 /* CoreLocation.framework */,
				6BB23E2B18ABD1C300F87704 /* MobileCoreServices.framework */,
				6BB23E2C18ABD1C300F87704 /* SystemConfiguration.framework */,
				6BB23E2D18ABD1C300F87704 /* AddressBookUI.framework */,
				6BB23E2E18ABD1C300F87704 /* CoreGraphics.framework */,
				6BB23D8F18ABCD1A00F87704 /* Foundation.framework */,
				6BB23D9118ABCD1A00F87704 /* CoreGraphics.framework */,
				6BB23D9318ABCD1A00F87704 /* UIKit.framework */,
				6BB23DB418ABCD1A00F87704 /* XCTest.framework */,
			);
			name = Frameworks;
			sourceTree = "<group>";
		};
		6BB23D9518ABCD1A00F87704 /* iCommerce */ = {
			isa = PBXGroup;
			children = (
				6B07B62018AFC34F00ACB97D /* iCommerce.entitlements */,
				6B07B55F18AF980600ACB97D /* Plugins */,
				6B07B59918AF980600ACB97D /* Resources */,
				6B07B53518AF97EE00ACB97D /* Classes */,
				6BB23D9618ABCD1A00F87704 /* Supporting Files */,
			);
			path = iCommerce;
			sourceTree = "<group>";
		};
		6BB23D9618ABCD1A00F87704 /* Supporting Files */ = {
			isa = PBXGroup;
			children = (
				6BB23D9718ABCD1A00F87704 /* iCommerce-Info.plist */,
				6BB23D9B18ABCD1A00F87704 /* main.m */,
				6BB23D9D18ABCD1A00F87704 /* iCommerce-Prefix.pch */,
			);
			name = "Supporting Files";
			sourceTree = "<group>";
		};
		6BB23DBA18ABCD1A00F87704 /* iCommerceTests */ = {
			isa = PBXGroup;
			children = (
				6BB23DC018ABCD1A00F87704 /* iCommerceTests.m */,
				6BB23DBB18ABCD1A00F87704 /* Supporting Files */,
			);
			path = iCommerceTests;
			sourceTree = "<group>";
		};
		6BB23DBB18ABCD1A00F87704 /* Supporting Files */ = {
			isa = PBXGroup;
			children = (
				6BB23DBC18ABCD1A00F87704 /* iCommerceTests-Info.plist */,
				6BB23DBD18ABCD1A00F87704 /* InfoPlist.strings */,
			);
			name = "Supporting Files";
			sourceTree = "<group>";
		};
/* End PBXGroup section */

/* Begin PBXNativeTarget section */
		6BB23D8B18ABCD1A00F87704 /* iCommerce */ = {
			isa = PBXNativeTarget;
			buildConfigurationList = 6BB23DC418ABCD1A00F87704 /* Build configuration list for PBXNativeTarget "iCommerce" */;
			buildPhases = (
				6BB23D8818ABCD1A00F87704 /* Sources */,
				6BB23D8918ABCD1A00F87704 /* Frameworks */,
				6BB23D8A18ABCD1A00F87704 /* Resources */,
			);
			buildRules = (
			);
			dependencies = (
				6B07B60018AF98FE00ACB97D /* PBXTargetDependency */,
			);
			name = iCommerce;
			productName = iCommerce;
			productReference = 6BB23D8C18ABCD1A00F87704 /* iCommerce.app */;
			productType = "com.apple.product-type.application";
		};
		6BB23DB218ABCD1A00F87704 /* iCommerceTests */ = {
			isa = PBXNativeTarget;
			buildConfigurationList = 6BB23DC718ABCD1A00F87704 /* Build configuration list for PBXNativeTarget "iCommerceTests" */;
			buildPhases = (
				6BB23DAF18ABCD1A00F87704 /* Sources */,
				6BB23DB018ABCD1A00F87704 /* Frameworks */,
				6BB23DB118ABCD1A00F87704 /* Resources */,
			);
			buildRules = (
			);
			dependencies = (
				6BB23DB918ABCD1A00F87704 /* PBXTargetDependency */,
			);
			name = iCommerceTests;
			productName = iCommerceTests;
			productReference = 6BB23DB318ABCD1A00F87704 /* iCommerceTests.xctest */;
			productType = "com.apple.product-type.bundle.unit-test";
		};
/* End PBXNativeTarget section */

/* Begin PBXProject section */
		6BB23D8418ABCD1900F87704 /* Project object */ = {
			isa = PBXProject;
			attributes = {
				LastUpgradeCheck = 0500;
				ORGANIZATIONNAME = GQ;
				TargetAttributes = {
					6BB23D8B18ABCD1A00F87704 = {
						DevelopmentTeam = VF6MRLMDZ3;
						SystemCapabilities = {
							com.apple.InAppPurchase = {
								enabled = 0;
							};
							com.apple.InterAppAudio = {
								enabled = 0;
							};
						};
					};
					6BB23DB218ABCD1A00F87704 = {
						TestTargetID = 6BB23D8B18ABCD1A00F87704;
					};
				};
			};
			buildConfigurationList = 6BB23D8718ABCD1900F87704 /* Build configuration list for PBXProject "iCommerce" */;
			compatibilityVersion = "Xcode 3.2";
			developmentRegion = English;
			hasScannedForEncodings = 0;
			knownRegions = (
				en,
				Base,
				de,
				es,
				se,
			);
			mainGroup = 6BB23D8318ABCD1900F87704;
			productRefGroup = 6BB23D8D18ABCD1A00F87704 /* Products */;
			projectDirPath = "";
			projectReferences = (
				{
					ProductGroup = 6B07B5EF18AF988300ACB97D /* Products */;
					ProjectRef = 6B07B5EE18AF988300ACB97D /* CordovaLib.xcodeproj */;
				},
			);
			projectRoot = "";
			targets = (
				6BB23D8B18ABCD1A00F87704 /* iCommerce */,
				6BB23DB218ABCD1A00F87704 /* iCommerceTests */,
			);
		};
/* End PBXProject section */

/* Begin PBXReferenceProxy section */
		6B07B5F318AF988400ACB97D /* libCordova.a */ = {
			isa = PBXReferenceProxy;
			fileType = archive.ar;
			path = libCordova.a;
			remoteRef = 6B07B5F218AF988400ACB97D /* PBXContainerItemProxy */;
			sourceTree = BUILT_PRODUCTS_DIR;
		};
/* End PBXReferenceProxy section */

/* Begin PBXResourcesBuildPhase section */
		6BB23D8A18ABCD1A00F87704 /* Resources */ = {
			isa = PBXResourcesBuildPhase;
			buildActionMask = 2147483647;
			files = (
				6B07B5C218AF980600ACB97D /* README in Resources */,
				6B07B5C818AF980600ACB97D /* icon@2x.png in Resources */,
				6B07B5CF18AF980600ACB97D /* Default@2x~iphone.png in Resources */,
				6B07B5C418AF980600ACB97D /* Localizable.strings in Resources */,
				6B07B5EA18AF986800ACB97D /* README.md in Resources */,
				6B07B5CD18AF980600ACB97D /* Default-Portrait@2x~ipad.png in Resources */,
				6B07B5C318AF980600ACB97D /* CDVNotification.bundle in Resources */,
				6B07B55818AF97EF00ACB97D /* OnlineWallViewController.xib in Resources */,
				6B07B5EB18AF986800ACB97D /* DomobOfferWallBundle.bundle in Resources */,
				6BAC94A618AE721000DC4A4D /* www in Resources */,
				6B07B5E918AF986800ACB97D /* LICENSE in Resources */,
				6B07B5CA18AF980600ACB97D /* Default-568h@2x~iphone.png in Resources */,
				6BB23E1A18ABD17000F87704 /* config.xml in Resources */,
				6B07B5D018AF980600ACB97D /* Default~iphone.png in Resources */,
				6B07B5C518AF980600ACB97D /* icon-72.png in Resources */,
				6B07B5C618AF980600ACB97D /* icon-72@2x.png in Resources */,
				6B07B55A18AF97EF00ACB97D /* OWInterstitialViewController.xib in Resources */,
				6B07B5CB18AF980600ACB97D /* Default-Landscape@2x~ipad.png in Resources */,
				6B07B5C918AF980600ACB97D /* Images.xcassets in Resources */,
				6B07B5CC18AF980600ACB97D /* Default-Landscape~ipad.png in Resources */,
				6B07B55418AF97EF00ACB97D /* MainMenuViewController.xib in Resources */,
				6B07B5C718AF980600ACB97D /* icon.png in Resources */,
				6B07B55618AF97EF00ACB97D /* OfferManageViewController.xib in Resources */,
				6B07B5CE18AF980600ACB97D /* Default-Portrait~ipad.png in Resources */,
				6B07B55E18AF97EF00ACB97D /* VideoOfferWallViewController.xib in Resources */,
			);
			runOnlyForDeploymentPostprocessing = 0;
		};
		6BB23DB118ABCD1A00F87704 /* Resources */ = {
			isa = PBXResourcesBuildPhase;
			buildActionMask = 2147483647;
			files = (
				6BB23DBF18ABCD1A00F87704 /* InfoPlist.strings in Resources */,
			);
			runOnlyForDeploymentPostprocessing = 0;
		};
/* End PBXResourcesBuildPhase section */

/* Begin PBXSourcesBuildPhase section */
		6BB23D8818ABCD1A00F87704 /* Sources */ = {
			isa = PBXSourcesBuildPhase;
			buildActionMask = 2147483647;
			files = (
				6B07B5B618AF980600ACB97D /* CDVNotification.m in Sources */,
				6B07B55B18AF97EF00ACB97D /* SecondViewController.m in Sources */,
				6B07B5B918AF980600ACB97D /* CDVLocalFilesystem.m in Sources */,
				6B07B5BE18AF980600ACB97D /* CDVConnection.m in Sources */,
				6B07B5B018AF980600ACB97D /* CDVJpegHeaderWriter.m in Sources */,
				6B07B55518AF97EF00ACB97D /* OfferManageViewController.m in Sources */,
				6B07B55118AF97EE00ACB97D /* DMAppDelegate.m in Sources */,
				6B07B5BA18AF980600ACB97D /* CDVFileTransfer.m in Sources */,
				6B07B5BF18AF980600ACB97D /* CDVReachability.m in Sources */,
				6B07B5BD18AF980600ACB97D /* CDVSound.m in Sources */,
				6B07B5B718AF980600ACB97D /* CDVAssetLibraryFilesystem.m in Sources */,
				6B07B5BB18AF980600ACB97D /* CDVLocation.m in Sources */,
				6B07B5B218AF980600ACB97D /* CDVContacts.m in Sources */,
				6B07B55D18AF97EF00ACB97D /* VideoOfferWallViewController.m in Sources */,
				6B07B5E818AF986800ACB97D /* CountlyDB.m in Sources */,
				6B07B5E718AF986800ACB97D /* Countly_OpenUDID.m in Sources */,
				6B07B55918AF97EF00ACB97D /* OWInterstitialViewController.m in Sources */,
				6B07B5E618AF986800ACB97D /* Countly.xcdatamodeld in Sources */,
				6B07B5B518AF980600ACB97D /* CDVCompass.m in Sources */,
				6B07B55018AF97EE00ACB97D /* AppDelegate.m in Sources */,
				6BB23D9C18ABCD1A00F87704 /* main.m in Sources */,
				6B07B5E518AF986800ACB97D /* Countly.m in Sources */,
				6B07B5B318AF980600ACB97D /* CDVDevice.m in Sources */,
				6B07B5AF18AF980600ACB97D /* CDVCamera.m in Sources */,
				6B07B5BC18AF980600ACB97D /* CDVGlobalization.m in Sources */,
				6B07B5B118AF980600ACB97D /* CDVContact.m in Sources */,
				6B07B5B818AF980600ACB97D /* CDVFile.m in Sources */,
				6B07B5C118AF980600ACB97D /* CDVVibration.m in Sources */,
				6B07B55C18AF97EF00ACB97D /* Toast+UIView.m in Sources */,
				6B07B5C018AF980600ACB97D /* CDVSplashScreen.m in Sources */,
				6B07B5B418AF980600ACB97D /* CDVAccelerometer.m in Sources */,
				6B8903A218B0DE02009BFB0F /* CDVLogger.m in Sources */,
				6B07B55218AF97EF00ACB97D /* FirstViewController.m in Sources */,
				6B07B55718AF97EF00ACB97D /* OnlineWallViewController.m in Sources */,
				6B07B55318AF97EF00ACB97D /* MainMenuViewController.m in Sources */,
				6B07B5AE18AF980600ACB97D /* CDVBattery.m in Sources */,
			);
			runOnlyForDeploymentPostprocessing = 0;
		};
		6BB23DAF18ABCD1A00F87704 /* Sources */ = {
			isa = PBXSourcesBuildPhase;
			buildActionMask = 2147483647;
			files = (
				6BB23DC118ABCD1A00F87704 /* iCommerceTests.m in Sources */,
			);
			runOnlyForDeploymentPostprocessing = 0;
		};
/* End PBXSourcesBuildPhase section */

/* Begin PBXTargetDependency section */
		6B07B60018AF98FE00ACB97D /* PBXTargetDependency */ = {
			isa = PBXTargetDependency;
			name = CordovaLib;
			targetProxy = 6B07B5FF18AF98FE00ACB97D /* PBXContainerItemProxy */;
		};
		6BB23DB918ABCD1A00F87704 /* PBXTargetDependency */ = {
			isa = PBXTargetDependency;
			target = 6BB23D8B18ABCD1A00F87704 /* iCommerce */;
			targetProxy = 6BB23DB818ABCD1A00F87704 /* PBXContainerItemProxy */;
		};
/* End PBXTargetDependency section */

/* Begin PBXVariantGroup section */
		6B07B59B18AF980600ACB97D /* Localizable.strings */ = {
			isa = PBXVariantGroup;
			children = (
				6B07B59C18AF980600ACB97D /* de */,
				6B07B59D18AF980600ACB97D /* en */,
				6B07B59E18AF980600ACB97D /* es */,
				6B07B5A518AF980600ACB97D /* se */,
			);
			name = Localizable.strings;
			sourceTree = "<group>";
		};
		6BB23DBD18ABCD1A00F87704 /* InfoPlist.strings */ = {
			isa = PBXVariantGroup;
			children = (
				6BB23DBE18ABCD1A00F87704 /* en */,
			);
			name = InfoPlist.strings;
			sourceTree = "<group>";
		};
/* End PBXVariantGroup section */

/* Begin XCBuildConfiguration section */
		6BB23DC218ABCD1A00F87704 /* Debug */ = {
			isa = XCBuildConfiguration;
			buildSettings = {
				ALWAYS_SEARCH_USER_PATHS = NO;
				ARCHS = "$(ARCHS_STANDARD)";
				CLANG_CXX_LANGUAGE_STANDARD = "gnu++0x";
				CLANG_CXX_LIBRARY = "libc++";
				CLANG_ENABLE_MODULES = YES;
				CLANG_ENABLE_OBJC_ARC = YES;
				CLANG_WARN_BOOL_CONVERSION = YES;
				CLANG_WARN_CONSTANT_CONVERSION = YES;
				CLANG_WARN_DIRECT_OBJC_ISA_USAGE = YES_ERROR;
				CLANG_WARN_EMPTY_BODY = YES;
				CLANG_WARN_ENUM_CONVERSION = YES;
				CLANG_WARN_INT_CONVERSION = YES;
				CLANG_WARN_OBJC_ROOT_CLASS = YES_ERROR;
				CLANG_WARN__DUPLICATE_METHOD_MATCH = YES;
				CODE_SIGN_IDENTITY = "iPhone Developer";
				"CODE_SIGN_IDENTITY[sdk=iphoneos*]" = "iPhone Developer";
				COPY_PHASE_STRIP = NO;
				GCC_C_LANGUAGE_STANDARD = gnu99;
				GCC_DYNAMIC_NO_PIC = NO;
				GCC_OPTIMIZATION_LEVEL = 0;
				GCC_PREPROCESSOR_DEFINITIONS = (
					"DEBUG=1",
					"$(inherited)",
				);
				GCC_SYMBOLS_PRIVATE_EXTERN = NO;
				GCC_WARN_64_TO_32_BIT_CONVERSION = YES;
				GCC_WARN_ABOUT_RETURN_TYPE = YES_ERROR;
				GCC_WARN_UNDECLARED_SELECTOR = YES;
				GCC_WARN_UNINITIALIZED_AUTOS = YES;
				GCC_WARN_UNUSED_FUNCTION = YES;
				GCC_WARN_UNUSED_VARIABLE = YES;
				IPHONEOS_DEPLOYMENT_TARGET = 6.0;
				ONLY_ACTIVE_ARCH = YES;
				PROVISIONING_PROFILE = "";
				SDKROOT = iphoneos;
				TARGETED_DEVICE_FAMILY = "1,2";
				VALID_ARCHS = "armv7 armv7s";
			};
			name = Debug;
		};
		6BB23DC318ABCD1A00F87704 /* Release */ = {
			isa = XCBuildConfiguration;
			buildSettings = {
				ALWAYS_SEARCH_USER_PATHS = NO;
				ARCHS = "$(ARCHS_STANDARD)";
				CLANG_CXX_LANGUAGE_STANDARD = "gnu++0x";
				CLANG_CXX_LIBRARY = "libc++";
				CLANG_ENABLE_MODULES = YES;
				CLANG_ENABLE_OBJC_ARC = YES;
				CLANG_WARN_BOOL_CONVERSION = YES;
				CLANG_WARN_CONSTANT_CONVERSION = YES;
				CLANG_WARN_DIRECT_OBJC_ISA_USAGE = YES_ERROR;
				CLANG_WARN_EMPTY_BODY = YES;
				CLANG_WARN_ENUM_CONVERSION = YES;
				CLANG_WARN_INT_CONVERSION = YES;
				CLANG_WARN_OBJC_ROOT_CLASS = YES_ERROR;
				CLANG_WARN__DUPLICATE_METHOD_MATCH = YES;
				CODE_SIGN_IDENTITY = "iPhone Distribution";
				"CODE_SIGN_IDENTITY[sdk=iphoneos*]" = "iPhone Distribution: Guangzhou Brave Lions Advertising Co.LTD";
				COPY_PHASE_STRIP = YES;
				ENABLE_NS_ASSERTIONS = NO;
				GCC_C_LANGUAGE_STANDARD = gnu99;
				GCC_WARN_64_TO_32_BIT_CONVERSION = YES;
				GCC_WARN_ABOUT_RETURN_TYPE = YES_ERROR;
				GCC_WARN_UNDECLARED_SELECTOR = YES;
				GCC_WARN_UNINITIALIZED_AUTOS = YES;
				GCC_WARN_UNUSED_FUNCTION = YES;
				GCC_WARN_UNUSED_VARIABLE = YES;
				IPHONEOS_DEPLOYMENT_TARGET = 6.0;
				PROVISIONING_PROFILE = "";
				SDKROOT = iphoneos;
				TARGETED_DEVICE_FAMILY = "1,2";
				VALIDATE_PRODUCT = YES;
				VALID_ARCHS = "armv7 armv7s";
			};
			name = Release;
		};
		6BB23DC518ABCD1A00F87704 /* Debug */ = {
			isa = XCBuildConfiguration;
			buildSettings = {
				ASSETCATALOG_COMPILER_APPICON_NAME = AppIcon;
				ASSETCATALOG_COMPILER_LAUNCHIMAGE_NAME = LaunchImage;
				CLANG_ENABLE_OBJC_ARC = NO;
				CODE_SIGN_IDENTITY = "iPhone Developer";
				"CODE_SIGN_IDENTITY[sdk=iphoneos*]" = "iPhone Developer";
				FRAMEWORK_SEARCH_PATHS = (
					"$(inherited)",
					"$(DEVELOPER_FRAMEWORKS_DIR)",
				);
				GCC_PRECOMPILE_PREFIX_HEADER = YES;
				GCC_PREFIX_HEADER = "iCommerce/iCommerce-Prefix.pch";
				HEADER_SEARCH_PATHS = (
					"\"$(TARGET_BUILD_DIR)/usr/local/lib/include\"",
					"\"$(OBJROOT)/UninstalledProducts/include\"\n",
					"\"$(BUILT_PRODUCTS_DIR)\"\n",
				);
				INFOPLIST_FILE = "iCommerce/iCommerce-Info.plist";
				IPHONEOS_DEPLOYMENT_TARGET = 6.0;
				LIBRARY_SEARCH_PATHS = (
					/Users/glay/Documents/xcode_workspace/iCommerce/Lib/DMOfferWallSDK,
					/Users/glay/Documents/xcode_workspace/iCommerce/Lib/ums,
				);
				ONLY_ACTIVE_ARCH = NO;
				OTHER_LDFLAGS = (
					"-weak_framework",
					CoreFoundation,
					"-weak_framework",
					UIKit,
					"-weak_framework",
					AVFoundation,
					"-weak_framework",
					CoreMedia,
					"-weak-lSystem",
					"-force_load",
					"\"$(BUILT_PRODUCTS_DIR)/libCordova.a\"",
					"-ObjC",
				);
				PRODUCT_NAME = "$(TARGET_NAME)";
				PROVISIONING_PROFILE = "";
				WRAPPER_EXTENSION = app;
			};
			name = Debug;
		};
		6BB23DC618ABCD1A00F87704 /* Release */ = {
			isa = XCBuildConfiguration;
			buildSettings = {
				ASSETCATALOG_COMPILER_APPICON_NAME = AppIcon;
				ASSETCATALOG_COMPILER_LAUNCHIMAGE_NAME = LaunchImage;
				CLANG_ENABLE_OBJC_ARC = NO;
				CODE_SIGN_IDENTITY = "iPhone Distribution";
				"CODE_SIGN_IDENTITY[sdk=iphoneos*]" = "iPhone Distribution: Guangzhou Brave Lions Advertising Co.LTD";
				FRAMEWORK_SEARCH_PATHS = (
					"$(inherited)",
					"$(DEVELOPER_FRAMEWORKS_DIR)",
				);
				GCC_PRECOMPILE_PREFIX_HEADER = YES;
				GCC_PREFIX_HEADER = "iCommerce/iCommerce-Prefix.pch";
				HEADER_SEARCH_PATHS = (
					"\"$(TARGET_BUILD_DIR)/usr/local/lib/include\"",
					"\"$(OBJROOT)/UninstalledProducts/include\"\n",
					"\"$(BUILT_PRODUCTS_DIR)\"\n",
				);
				INFOPLIST_FILE = "iCommerce/iCommerce-Info.plist";
				IPHONEOS_DEPLOYMENT_TARGET = 6.0;
				LIBRARY_SEARCH_PATHS = (
					/Users/glay/Documents/xcode_workspace/iCommerce/Lib/DMOfferWallSDK,
					/Users/glay/Documents/xcode_workspace/iCommerce/Lib/ums,
				);
				OTHER_LDFLAGS = (
					"-weak_framework",
					CoreFoundation,
					"-weak_framework",
					UIKit,
					"-weak_framework",
					AVFoundation,
					"-weak_framework",
					CoreMedia,
					"-weak-lSystem",
					"-force_load",
					"\"$(BUILT_PRODUCTS_DIR)/libCordova.a\"",
					"-ObjC",
				);
				PRODUCT_NAME = "$(TARGET_NAME)";
				PROVISIONING_PROFILE = "";
				VALIDATE_PRODUCT = YES;
				WRAPPER_EXTENSION = app;
			};
			name = Release;
		};
		6BB23DC818ABCD1A00F87704 /* Debug */ = {
			isa = XCBuildConfiguration;
			buildSettings = {
				ARCHS = "$(ARCHS_STANDARD_INCLUDING_64_BIT)";
				BUNDLE_LOADER = "$(BUILT_PRODUCTS_DIR)/iCommerce.app/iCommerce";
				FRAMEWORK_SEARCH_PATHS = (
					"$(SDKROOT)/Developer/Library/Frameworks",
					"$(inherited)",
					"$(DEVELOPER_FRAMEWORKS_DIR)",
				);
				GCC_PRECOMPILE_PREFIX_HEADER = YES;
				GCC_PREFIX_HEADER = "iCommerce/iCommerce-Prefix.pch";
				GCC_PREPROCESSOR_DEFINITIONS = (
					"DEBUG=1",
					"$(inherited)",
				);
				INFOPLIST_FILE = "iCommerceTests/iCommerceTests-Info.plist";
				PRODUCT_NAME = "$(TARGET_NAME)";
				TEST_HOST = "$(BUNDLE_LOADER)";
				WRAPPER_EXTENSION = xctest;
			};
			name = Debug;
		};
		6BB23DC918ABCD1A00F87704 /* Release */ = {
			isa = XCBuildConfiguration;
			buildSettings = {
				ARCHS = "$(ARCHS_STANDARD_INCLUDING_64_BIT)";
				BUNDLE_LOADER = "$(BUILT_PRODUCTS_DIR)/iCommerce.app/iCommerce";
				FRAMEWORK_SEARCH_PATHS = (
					"$(SDKROOT)/Developer/Library/Frameworks",
					"$(inherited)",
					"$(DEVELOPER_FRAMEWORKS_DIR)",
				);
				GCC_PRECOMPILE_PREFIX_HEADER = YES;
				GCC_PREFIX_HEADER = "iCommerce/iCommerce-Prefix.pch";
				INFOPLIST_FILE = "iCommerceTests/iCommerceTests-Info.plist";
				PRODUCT_NAME = "$(TARGET_NAME)";
				TEST_HOST = "$(BUNDLE_LOADER)";
				WRAPPER_EXTENSION = xctest;
			};
			name = Release;
		};
/* End XCBuildConfiguration section */

/* Begin XCConfigurationList section */
		6BB23D8718ABCD1900F87704 /* Build configuration list for PBXProject "iCommerce" */ = {
			isa = XCConfigurationList;
			buildConfigurations = (
				6BB23DC218ABCD1A00F87704 /* Debug */,
				6BB23DC318ABCD1A00F87704 /* Release */,
			);
			defaultConfigurationIsVisible = 0;
			defaultConfigurationName = Release;
		};
		6BB23DC418ABCD1A00F87704 /* Build configuration list for PBXNativeTarget "iCommerce" */ = {
			isa = XCConfigurationList;
			buildConfigurations = (
				6BB23DC518ABCD1A00F87704 /* Debug */,
				6BB23DC618ABCD1A00F87704 /* Release */,
			);
			defaultConfigurationIsVisible = 0;
			defaultConfigurationName = Release;
		};
		6BB23DC718ABCD1A00F87704 /* Build configuration list for PBXNativeTarget "iCommerceTests" */ = {
			isa = XCConfigurationList;
			buildConfigurations = (
				6BB23DC818ABCD1A00F87704 /* Debug */,
				6BB23DC918ABCD1A00F87704 /* Release */,
			);
			defaultConfigurationIsVisible = 0;
			defaultConfigurationName = Release;
		};
/* End XCConfigurationList section */

/* Begin XCVersionGroup section */
		6B07B5D418AF986800ACB97D /* Countly.xcdatamodeld */ = {
			isa = XCVersionGroup;
			children = (
				6B07B5D518AF986800ACB97D /* Countly.xcdatamodel */,
			);
			currentVersion = 6B07B5D518AF986800ACB97D /* Countly.xcdatamodel */;
			path = Countly.xcdatamodeld;
			sourceTree = "<group>";
			versionGroupType = wrapper.xcdatamodel;
		};
/* End XCVersionGroup section */
	};
	rootObject = 6BB23D8418ABCD1900F87704 /* Project object */;
}
